// !$*UTF8*$!
{
	archiveVersion = 1;
	classes = {
	};
	objectVersion = 46;
	objects = {

/* Begin PBXBuildFile section */
		07AAB606AB61BF35F186D3E7 /* Pods_Formalist_FormalistTests.framework in Frameworks */ = {isa = PBXBuildFile; fileRef = 44AED247BEA09844F34CCB17 /* Pods_Formalist_FormalistTests.framework */; };
		1E622D0045DB047312ABA3E4 /* Pods_Formalist.framework in Frameworks */ = {isa = PBXBuildFile; fileRef = 3DA206E498D16D9304F9A8DC /* Pods_Formalist.framework */; };
		72239FEB1D25B9E800A157D9 /* UIView+ChangeObservation.swift in Sources */ = {isa = PBXBuildFile; fileRef = 72239FEA1D25B9E800A157D9 /* UIView+ChangeObservation.swift */; };
		7285A70A1D17CB7000718D23 /* Formalist.h in Headers */ = {isa = PBXBuildFile; fileRef = 7285A7091D17CB7000718D23 /* Formalist.h */; settings = {ATTRIBUTES = (Public, ); }; };
		7285A73D1D17CBCA00718D23 /* BooleanElement.swift in Sources */ = {isa = PBXBuildFile; fileRef = 7285A7201D17CBCA00718D23 /* BooleanElement.swift */; };
		7285A73E1D17CBCA00718D23 /* BooleanElementView.swift in Sources */ = {isa = PBXBuildFile; fileRef = 7285A7211D17CBCA00718D23 /* BooleanElementView.swift */; };
		7285A73F1D17CBCA00718D23 /* Box.swift in Sources */ = {isa = PBXBuildFile; fileRef = 7285A7221D17CBCA00718D23 /* Box.swift */; };
		7285A7401D17CBCA00718D23 /* Convenience.swift in Sources */ = {isa = PBXBuildFile; fileRef = 7285A7231D17CBCA00718D23 /* Convenience.swift */; };
		7285A7411D17CBCA00718D23 /* EditableTextElement.swift in Sources */ = {isa = PBXBuildFile; fileRef = 7285A7241D17CBCA00718D23 /* EditableTextElement.swift */; };
		7285A7421D17CBCA00718D23 /* FloatLabel.swift in Sources */ = {isa = PBXBuildFile; fileRef = 7285A7251D17CBCA00718D23 /* FloatLabel.swift */; };
		7285A7431D17CBCA00718D23 /* FloatLabelTextEditorAdapter.swift in Sources */ = {isa = PBXBuildFile; fileRef = 7285A7261D17CBCA00718D23 /* FloatLabelTextEditorAdapter.swift */; };
		7285A7441D17CBCA00718D23 /* FormElement.swift in Sources */ = {isa = PBXBuildFile; fileRef = 7285A7271D17CBCA00718D23 /* FormElement.swift */; };
		7285A7451D17CBCA00718D23 /* FormValue.swift in Sources */ = {isa = PBXBuildFile; fileRef = 7285A7281D17CBCA00718D23 /* FormValue.swift */; };
		7285A7461D17CBCA00718D23 /* FormViewController.swift in Sources */ = {isa = PBXBuildFile; fileRef = 7285A7291D17CBCA00718D23 /* FormViewController.swift */; };
		7285A7471D17CBCA00718D23 /* GroupElement.swift in Sources */ = {isa = PBXBuildFile; fileRef = 7285A72A1D17CBCA00718D23 /* GroupElement.swift */; };
		7285A7481D17CBCA00718D23 /* PlaceholderTextView.swift in Sources */ = {isa = PBXBuildFile; fileRef = 7285A72B1D17CBCA00718D23 /* PlaceholderTextView.swift */; };
		7285A7491D17CBCA00718D23 /* Segment.swift in Sources */ = {isa = PBXBuildFile; fileRef = 7285A72C1D17CBCA00718D23 /* Segment.swift */; };
		7285A74A1D17CBCA00718D23 /* SegmentElement.swift in Sources */ = {isa = PBXBuildFile; fileRef = 7285A72D1D17CBCA00718D23 /* SegmentElement.swift */; };
		7285A74B1D17CBCA00718D23 /* SegmentElementView.swift in Sources */ = {isa = PBXBuildFile; fileRef = 7285A72E1D17CBCA00718D23 /* SegmentElementView.swift */; };
		7285A74C1D17CBCA00718D23 /* SegueElement.swift in Sources */ = {isa = PBXBuildFile; fileRef = 7285A72F1D17CBCA00718D23 /* SegueElement.swift */; };
		7285A74D1D17CBCA00718D23 /* SegueElementView.swift in Sources */ = {isa = PBXBuildFile; fileRef = 7285A7301D17CBCA00718D23 /* SegueElementView.swift */; };
		7285A74E1D17CBCA00718D23 /* SpacerElement.swift in Sources */ = {isa = PBXBuildFile; fileRef = 7285A7311D17CBCA00718D23 /* SpacerElement.swift */; };
		7285A74F1D17CBCA00718D23 /* StaticTextElement.swift in Sources */ = {isa = PBXBuildFile; fileRef = 7285A7321D17CBCA00718D23 /* StaticTextElement.swift */; };
		7285A7501D17CBCA00718D23 /* TextEditorAdapter.swift in Sources */ = {isa = PBXBuildFile; fileRef = 7285A7331D17CBCA00718D23 /* TextEditorAdapter.swift */; };
		7285A7511D17CBCA00718D23 /* TextEditorConfiguration.swift in Sources */ = {isa = PBXBuildFile; fileRef = 7285A7341D17CBCA00718D23 /* TextEditorConfiguration.swift */; };
		7285A7521D17CBCA00718D23 /* UITextFieldTextEditorAdapter.swift in Sources */ = {isa = PBXBuildFile; fileRef = 7285A7351D17CBCA00718D23 /* UITextFieldTextEditorAdapter.swift */; };
		7285A7531D17CBCA00718D23 /* UITextViewTextEditorAdapter.swift in Sources */ = {isa = PBXBuildFile; fileRef = 7285A7361D17CBCA00718D23 /* UITextViewTextEditorAdapter.swift */; };
		7285A7541D17CBCA00718D23 /* UIView+FormResponder.swift in Sources */ = {isa = PBXBuildFile; fileRef = 7285A7371D17CBCA00718D23 /* UIView+FormResponder.swift */; };
		7285A7551D17CBCA00718D23 /* Validatable.swift in Sources */ = {isa = PBXBuildFile; fileRef = 7285A7381D17CBCA00718D23 /* Validatable.swift */; };
		7285A7561D17CBCA00718D23 /* ValidationErrorView.swift in Sources */ = {isa = PBXBuildFile; fileRef = 7285A7391D17CBCA00718D23 /* ValidationErrorView.swift */; };
		7285A7571D17CBCA00718D23 /* ValidationRule.swift in Sources */ = {isa = PBXBuildFile; fileRef = 7285A73A1D17CBCA00718D23 /* ValidationRule.swift */; };
		7285A7581D17CBCA00718D23 /* ViewElement.swift in Sources */ = {isa = PBXBuildFile; fileRef = 7285A73B1D17CBCA00718D23 /* ViewElement.swift */; };
		7285A7591D17CBCA00718D23 /* WeakBox.swift in Sources */ = {isa = PBXBuildFile; fileRef = 7285A73C1D17CBCA00718D23 /* WeakBox.swift */; };
		7285A7691D17CC1D00718D23 /* BooleanElementTests.swift in Sources */ = {isa = PBXBuildFile; fileRef = 7285A75A1D17CC1D00718D23 /* BooleanElementTests.swift */; };
		7285A76A1D17CC1D00718D23 /* EditableTextElementTests.swift in Sources */ = {isa = PBXBuildFile; fileRef = 7285A75B1D17CC1D00718D23 /* EditableTextElementTests.swift */; };
		7285A76B1D17CC1D00718D23 /* FloatLabelTests.swift in Sources */ = {isa = PBXBuildFile; fileRef = 7285A75C1D17CC1D00718D23 /* FloatLabelTests.swift */; };
		7285A76C1D17CC1D00718D23 /* FormValueTests.swift in Sources */ = {isa = PBXBuildFile; fileRef = 7285A75D1D17CC1D00718D23 /* FormValueTests.swift */; };
		7285A76D1D17CC1D00718D23 /* GroupElementTests.swift in Sources */ = {isa = PBXBuildFile; fileRef = 7285A75E1D17CC1D00718D23 /* GroupElementTests.swift */; };
		7285A76E1D17CC1D00718D23 /* PlaceholderTextViewTests.swift in Sources */ = {isa = PBXBuildFile; fileRef = 7285A75F1D17CC1D00718D23 /* PlaceholderTextViewTests.swift */; };
		7285A76F1D17CC1D00718D23 /* SegmentElementTests.swift in Sources */ = {isa = PBXBuildFile; fileRef = 7285A7601D17CC1D00718D23 /* SegmentElementTests.swift */; };
		7285A7711D17CC1D00718D23 /* SpacerElementTests.swift in Sources */ = {isa = PBXBuildFile; fileRef = 7285A7621D17CC1D00718D23 /* SpacerElementTests.swift */; };
		7285A7721D17CC1D00718D23 /* StaticTextElementTests.swift in Sources */ = {isa = PBXBuildFile; fileRef = 7285A7631D17CC1D00718D23 /* StaticTextElementTests.swift */; };
		7285A7731D17CC1D00718D23 /* TestUtilities.swift in Sources */ = {isa = PBXBuildFile; fileRef = 7285A7641D17CC1D00718D23 /* TestUtilities.swift */; };
		7285A7741D17CC1D00718D23 /* ValidatableTests.swift in Sources */ = {isa = PBXBuildFile; fileRef = 7285A7651D17CC1D00718D23 /* ValidatableTests.swift */; };
		7285A7751D17CC1D00718D23 /* ValidationErrorViewTests.swift in Sources */ = {isa = PBXBuildFile; fileRef = 7285A7661D17CC1D00718D23 /* ValidationErrorViewTests.swift */; };
		7285A7761D17CC1D00718D23 /* ValidationRuleTests.swift in Sources */ = {isa = PBXBuildFile; fileRef = 7285A7671D17CC1D00718D23 /* ValidationRuleTests.swift */; };
		7285A7771D17CC1D00718D23 /* ViewElementTests.swift in Sources */ = {isa = PBXBuildFile; fileRef = 7285A7681D17CC1D00718D23 /* ViewElementTests.swift */; };
		7285A7791D17CC2C00718D23 /* Assets.xcassets in Resources */ = {isa = PBXBuildFile; fileRef = 7285A7781D17CC2C00718D23 /* Assets.xcassets */; };
		7285A7A51D17CCC300718D23 /* AppDelegate.swift in Sources */ = {isa = PBXBuildFile; fileRef = 7285A7A41D17CCC300718D23 /* AppDelegate.swift */; };
		7285A7A71D17CCC300718D23 /* ViewController.swift in Sources */ = {isa = PBXBuildFile; fileRef = 7285A7A61D17CCC300718D23 /* ViewController.swift */; };
		7285A7AC1D17CCC300718D23 /* Assets.xcassets in Resources */ = {isa = PBXBuildFile; fileRef = 7285A7AB1D17CCC300718D23 /* Assets.xcassets */; };
		7285A7AF1D17CCC300718D23 /* LaunchScreen.storyboard in Resources */ = {isa = PBXBuildFile; fileRef = 7285A7AD1D17CCC300718D23 /* LaunchScreen.storyboard */; };
		7285A7BB1D17CD0800718D23 /* FormalistUITests.swift in Sources */ = {isa = PBXBuildFile; fileRef = 7285A7BA1D17CD0800718D23 /* FormalistUITests.swift */; };
		72C817F31D1F910F00BBD0C3 /* FloatLabelTextField.swift in Sources */ = {isa = PBXBuildFile; fileRef = 72C817F21D1F910F00BBD0C3 /* FloatLabelTextField.swift */; };
		77A3050B1D7B6C7300F17EEF /* PickerField.swift in Sources */ = {isa = PBXBuildFile; fileRef = 77A3050A1D7B6C7300F17EEF /* PickerField.swift */; };
		77CAA13C1F2188E400EA44AD /* FormNumberFormatter.swift in Sources */ = {isa = PBXBuildFile; fileRef = 77CAA13B1F2188E400EA44AD /* FormNumberFormatter.swift */; };
		77CAA14E1F227BBE00EA44AD /* FormNumberFormatterTests.swift in Sources */ = {isa = PBXBuildFile; fileRef = 77CAA14D1F227BBE00EA44AD /* FormNumberFormatterTests.swift */; };
		77CAA1501F23092400EA44AD /* Formattable.swift in Sources */ = {isa = PBXBuildFile; fileRef = 77CAA14F1F23092400EA44AD /* Formattable.swift */; };
		A15176551E16760100E5CCBC /* InfoFieldElement.swift in Sources */ = {isa = PBXBuildFile; fileRef = A15176541E16760100E5CCBC /* InfoFieldElement.swift */; };
		A151765D1E16763200E5CCBC /* DividerElement.swift in Sources */ = {isa = PBXBuildFile; fileRef = A151765C1E16763200E5CCBC /* DividerElement.swift */; };
		A151765F1E1676E100E5CCBC /* AccessoryViewToolbar.swift in Sources */ = {isa = PBXBuildFile; fileRef = A151765E1E1676E100E5CCBC /* AccessoryViewToolbar.swift */; };
		A1F1FEDE2008C91D00BA48F2 /* FormViewController.swift in Sources */ = {isa = PBXBuildFile; fileRef = A1F1FEDD2008C91D00BA48F2 /* FormViewController.swift */; };
		BF2209BE1FC6379600CAFE89 /* Formalist.framework in Frameworks */ = {isa = PBXBuildFile; fileRef = 7285A7061D17CB7000718D23 /* Formalist.framework */; };
		BF2209C01FC637A500CAFE89 /* Formalist.framework in CopyFiles */ = {isa = PBXBuildFile; fileRef = 7285A7061D17CB7000718D23 /* Formalist.framework */; settings = {ATTRIBUTES = (CodeSignOnCopy, RemoveHeadersOnCopy, ); }; };
		BF9631B31FC62DEE00D7362F /* Formalist.framework in Frameworks */ = {isa = PBXBuildFile; fileRef = 7285A7061D17CB7000718D23 /* Formalist.framework */; };
		EBB9607C20BC51DD00AC12FF /* TextEditor.swift in Sources */ = {isa = PBXBuildFile; fileRef = EBB9607B20BC51DD00AC12FF /* TextEditor.swift */; };
/* End PBXBuildFile section */

/* Begin PBXContainerItemProxy section */
		7285A7121D17CB7000718D23 /* PBXContainerItemProxy */ = {
			isa = PBXContainerItemProxy;
			containerPortal = 7285A6FD1D17CB7000718D23 /* Project object */;
			proxyType = 1;
			remoteGlobalIDString = 7285A7051D17CB7000718D23;
			remoteInfo = Formalist;
		};
		7285A7BD1D17CD0800718D23 /* PBXContainerItemProxy */ = {
			isa = PBXContainerItemProxy;
			containerPortal = 7285A6FD1D17CB7000718D23 /* Project object */;
			proxyType = 1;
			remoteGlobalIDString = 7285A7A11D17CCC300718D23;
			remoteInfo = Example;
		};
		BF2209BC1FC6377700CAFE89 /* PBXContainerItemProxy */ = {
			isa = PBXContainerItemProxy;
			containerPortal = 7285A6FD1D17CB7000718D23 /* Project object */;
			proxyType = 1;
			remoteGlobalIDString = 7285A7051D17CB7000718D23;
			remoteInfo = Formalist;
		};
/* End PBXContainerItemProxy section */

/* Begin PBXCopyFilesBuildPhase section */
		BF2209BF1FC6379900CAFE89 /* CopyFiles */ = {
			isa = PBXCopyFilesBuildPhase;
			buildActionMask = 2147483647;
			dstPath = "";
			dstSubfolderSpec = 10;
			files = (
				BF2209C01FC637A500CAFE89 /* Formalist.framework in CopyFiles */,
			);
			runOnlyForDeploymentPostprocessing = 0;
		};
/* End PBXCopyFilesBuildPhase section */

/* Begin PBXFileReference section */
		0318E8DA06FD49796C139D78 /* Pods-Formalist-FormalistTests.debug.xcconfig */ = {isa = PBXFileReference; includeInIndex = 1; lastKnownFileType = text.xcconfig; name = "Pods-Formalist-FormalistTests.debug.xcconfig"; path = "Target Support Files/Pods-Formalist-FormalistTests/Pods-Formalist-FormalistTests.debug.xcconfig"; sourceTree = "<group>"; };
		1ECF35CC88B52DC5D6F6E051 /* Pods-Formalist.debug.xcconfig */ = {isa = PBXFileReference; includeInIndex = 1; lastKnownFileType = text.xcconfig; name = "Pods-Formalist.debug.xcconfig"; path = "Target Support Files/Pods-Formalist/Pods-Formalist.debug.xcconfig"; sourceTree = "<group>"; };
		3DA206E498D16D9304F9A8DC /* Pods_Formalist.framework */ = {isa = PBXFileReference; explicitFileType = wrapper.framework; includeInIndex = 0; path = Pods_Formalist.framework; sourceTree = BUILT_PRODUCTS_DIR; };
		44AED247BEA09844F34CCB17 /* Pods_Formalist_FormalistTests.framework */ = {isa = PBXFileReference; explicitFileType = wrapper.framework; includeInIndex = 0; path = Pods_Formalist_FormalistTests.framework; sourceTree = BUILT_PRODUCTS_DIR; };
		54A5F709DF07046BAA4244A9 /* Pods-Formalist.release.xcconfig */ = {isa = PBXFileReference; includeInIndex = 1; lastKnownFileType = text.xcconfig; name = "Pods-Formalist.release.xcconfig"; path = "Target Support Files/Pods-Formalist/Pods-Formalist.release.xcconfig"; sourceTree = "<group>"; };
		72239FEA1D25B9E800A157D9 /* UIView+ChangeObservation.swift */ = {isa = PBXFileReference; fileEncoding = 4; lastKnownFileType = sourcecode.swift; path = "UIView+ChangeObservation.swift"; sourceTree = "<group>"; };
		7285A7061D17CB7000718D23 /* Formalist.framework */ = {isa = PBXFileReference; explicitFileType = wrapper.framework; includeInIndex = 0; path = Formalist.framework; sourceTree = BUILT_PRODUCTS_DIR; };
		7285A7091D17CB7000718D23 /* Formalist.h */ = {isa = PBXFileReference; lastKnownFileType = sourcecode.c.h; path = Formalist.h; sourceTree = "<group>"; };
		7285A70B1D17CB7000718D23 /* Info.plist */ = {isa = PBXFileReference; lastKnownFileType = text.plist.xml; path = Info.plist; sourceTree = "<group>"; };
		7285A7101D17CB7000718D23 /* FormalistTests.xctest */ = {isa = PBXFileReference; explicitFileType = wrapper.cfbundle; includeInIndex = 0; path = FormalistTests.xctest; sourceTree = BUILT_PRODUCTS_DIR; };
		7285A7171D17CB7000718D23 /* Info.plist */ = {isa = PBXFileReference; lastKnownFileType = text.plist.xml; path = Info.plist; sourceTree = "<group>"; };
		7285A7201D17CBCA00718D23 /* BooleanElement.swift */ = {isa = PBXFileReference; fileEncoding = 4; lastKnownFileType = sourcecode.swift; path = BooleanElement.swift; sourceTree = "<group>"; };
		7285A7211D17CBCA00718D23 /* BooleanElementView.swift */ = {isa = PBXFileReference; fileEncoding = 4; lastKnownFileType = sourcecode.swift; path = BooleanElementView.swift; sourceTree = "<group>"; };
		7285A7221D17CBCA00718D23 /* Box.swift */ = {isa = PBXFileReference; fileEncoding = 4; lastKnownFileType = sourcecode.swift; path = Box.swift; sourceTree = "<group>"; };
		7285A7231D17CBCA00718D23 /* Convenience.swift */ = {isa = PBXFileReference; fileEncoding = 4; lastKnownFileType = sourcecode.swift; path = Convenience.swift; sourceTree = "<group>"; };
		7285A7241D17CBCA00718D23 /* EditableTextElement.swift */ = {isa = PBXFileReference; fileEncoding = 4; lastKnownFileType = sourcecode.swift; path = EditableTextElement.swift; sourceTree = "<group>"; };
		7285A7251D17CBCA00718D23 /* FloatLabel.swift */ = {isa = PBXFileReference; fileEncoding = 4; lastKnownFileType = sourcecode.swift; path = FloatLabel.swift; sourceTree = "<group>"; };
		7285A7261D17CBCA00718D23 /* FloatLabelTextEditorAdapter.swift */ = {isa = PBXFileReference; fileEncoding = 4; lastKnownFileType = sourcecode.swift; path = FloatLabelTextEditorAdapter.swift; sourceTree = "<group>"; };
		7285A7271D17CBCA00718D23 /* FormElement.swift */ = {isa = PBXFileReference; fileEncoding = 4; lastKnownFileType = sourcecode.swift; path = FormElement.swift; sourceTree = "<group>"; };
		7285A7281D17CBCA00718D23 /* FormValue.swift */ = {isa = PBXFileReference; fileEncoding = 4; lastKnownFileType = sourcecode.swift; path = FormValue.swift; sourceTree = "<group>"; };
		7285A7291D17CBCA00718D23 /* FormViewController.swift */ = {isa = PBXFileReference; fileEncoding = 4; lastKnownFileType = sourcecode.swift; path = FormViewController.swift; sourceTree = "<group>"; };
		7285A72A1D17CBCA00718D23 /* GroupElement.swift */ = {isa = PBXFileReference; fileEncoding = 4; lastKnownFileType = sourcecode.swift; path = GroupElement.swift; sourceTree = "<group>"; };
		7285A72B1D17CBCA00718D23 /* PlaceholderTextView.swift */ = {isa = PBXFileReference; fileEncoding = 4; lastKnownFileType = sourcecode.swift; path = PlaceholderTextView.swift; sourceTree = "<group>"; };
		7285A72C1D17CBCA00718D23 /* Segment.swift */ = {isa = PBXFileReference; fileEncoding = 4; lastKnownFileType = sourcecode.swift; path = Segment.swift; sourceTree = "<group>"; };
		7285A72D1D17CBCA00718D23 /* SegmentElement.swift */ = {isa = PBXFileReference; fileEncoding = 4; lastKnownFileType = sourcecode.swift; path = SegmentElement.swift; sourceTree = "<group>"; };
		7285A72E1D17CBCA00718D23 /* SegmentElementView.swift */ = {isa = PBXFileReference; fileEncoding = 4; lastKnownFileType = sourcecode.swift; path = SegmentElementView.swift; sourceTree = "<group>"; };
		7285A72F1D17CBCA00718D23 /* SegueElement.swift */ = {isa = PBXFileReference; fileEncoding = 4; lastKnownFileType = sourcecode.swift; path = SegueElement.swift; sourceTree = "<group>"; };
		7285A7301D17CBCA00718D23 /* SegueElementView.swift */ = {isa = PBXFileReference; fileEncoding = 4; lastKnownFileType = sourcecode.swift; path = SegueElementView.swift; sourceTree = "<group>"; };
		7285A7311D17CBCA00718D23 /* SpacerElement.swift */ = {isa = PBXFileReference; fileEncoding = 4; lastKnownFileType = sourcecode.swift; path = SpacerElement.swift; sourceTree = "<group>"; };
		7285A7321D17CBCA00718D23 /* StaticTextElement.swift */ = {isa = PBXFileReference; fileEncoding = 4; lastKnownFileType = sourcecode.swift; path = StaticTextElement.swift; sourceTree = "<group>"; };
		7285A7331D17CBCA00718D23 /* TextEditorAdapter.swift */ = {isa = PBXFileReference; fileEncoding = 4; lastKnownFileType = sourcecode.swift; path = TextEditorAdapter.swift; sourceTree = "<group>"; };
		7285A7341D17CBCA00718D23 /* TextEditorConfiguration.swift */ = {isa = PBXFileReference; fileEncoding = 4; lastKnownFileType = sourcecode.swift; path = TextEditorConfiguration.swift; sourceTree = "<group>"; };
		7285A7351D17CBCA00718D23 /* UITextFieldTextEditorAdapter.swift */ = {isa = PBXFileReference; fileEncoding = 4; lastKnownFileType = sourcecode.swift; path = UITextFieldTextEditorAdapter.swift; sourceTree = "<group>"; };
		7285A7361D17CBCA00718D23 /* UITextViewTextEditorAdapter.swift */ = {isa = PBXFileReference; fileEncoding = 4; lastKnownFileType = sourcecode.swift; path = UITextViewTextEditorAdapter.swift; sourceTree = "<group>"; };
		7285A7371D17CBCA00718D23 /* UIView+FormResponder.swift */ = {isa = PBXFileReference; fileEncoding = 4; lastKnownFileType = sourcecode.swift; path = "UIView+FormResponder.swift"; sourceTree = "<group>"; };
		7285A7381D17CBCA00718D23 /* Validatable.swift */ = {isa = PBXFileReference; fileEncoding = 4; lastKnownFileType = sourcecode.swift; path = Validatable.swift; sourceTree = "<group>"; };
		7285A7391D17CBCA00718D23 /* ValidationErrorView.swift */ = {isa = PBXFileReference; fileEncoding = 4; lastKnownFileType = sourcecode.swift; path = ValidationErrorView.swift; sourceTree = "<group>"; };
		7285A73A1D17CBCA00718D23 /* ValidationRule.swift */ = {isa = PBXFileReference; fileEncoding = 4; lastKnownFileType = sourcecode.swift; path = ValidationRule.swift; sourceTree = "<group>"; };
		7285A73B1D17CBCA00718D23 /* ViewElement.swift */ = {isa = PBXFileReference; fileEncoding = 4; lastKnownFileType = sourcecode.swift; path = ViewElement.swift; sourceTree = "<group>"; };
		7285A73C1D17CBCA00718D23 /* WeakBox.swift */ = {isa = PBXFileReference; fileEncoding = 4; lastKnownFileType = sourcecode.swift; path = WeakBox.swift; sourceTree = "<group>"; };
		7285A75A1D17CC1D00718D23 /* BooleanElementTests.swift */ = {isa = PBXFileReference; fileEncoding = 4; lastKnownFileType = sourcecode.swift; path = BooleanElementTests.swift; sourceTree = "<group>"; };
		7285A75B1D17CC1D00718D23 /* EditableTextElementTests.swift */ = {isa = PBXFileReference; fileEncoding = 4; lastKnownFileType = sourcecode.swift; path = EditableTextElementTests.swift; sourceTree = "<group>"; };
		7285A75C1D17CC1D00718D23 /* FloatLabelTests.swift */ = {isa = PBXFileReference; fileEncoding = 4; lastKnownFileType = sourcecode.swift; path = FloatLabelTests.swift; sourceTree = "<group>"; };
		7285A75D1D17CC1D00718D23 /* FormValueTests.swift */ = {isa = PBXFileReference; fileEncoding = 4; lastKnownFileType = sourcecode.swift; path = FormValueTests.swift; sourceTree = "<group>"; };
		7285A75E1D17CC1D00718D23 /* GroupElementTests.swift */ = {isa = PBXFileReference; fileEncoding = 4; lastKnownFileType = sourcecode.swift; path = GroupElementTests.swift; sourceTree = "<group>"; };
		7285A75F1D17CC1D00718D23 /* PlaceholderTextViewTests.swift */ = {isa = PBXFileReference; fileEncoding = 4; lastKnownFileType = sourcecode.swift; path = PlaceholderTextViewTests.swift; sourceTree = "<group>"; };
		7285A7601D17CC1D00718D23 /* SegmentElementTests.swift */ = {isa = PBXFileReference; fileEncoding = 4; lastKnownFileType = sourcecode.swift; path = SegmentElementTests.swift; sourceTree = "<group>"; };
		7285A7611D17CC1D00718D23 /* SegueElementTests.swift */ = {isa = PBXFileReference; fileEncoding = 4; lastKnownFileType = sourcecode.swift; path = SegueElementTests.swift; sourceTree = "<group>"; };
		7285A7621D17CC1D00718D23 /* SpacerElementTests.swift */ = {isa = PBXFileReference; fileEncoding = 4; lastKnownFileType = sourcecode.swift; path = SpacerElementTests.swift; sourceTree = "<group>"; };
		7285A7631D17CC1D00718D23 /* StaticTextElementTests.swift */ = {isa = PBXFileReference; fileEncoding = 4; lastKnownFileType = sourcecode.swift; path = StaticTextElementTests.swift; sourceTree = "<group>"; };
		7285A7641D17CC1D00718D23 /* TestUtilities.swift */ = {isa = PBXFileReference; fileEncoding = 4; lastKnownFileType = sourcecode.swift; path = TestUtilities.swift; sourceTree = "<group>"; };
		7285A7651D17CC1D00718D23 /* ValidatableTests.swift */ = {isa = PBXFileReference; fileEncoding = 4; lastKnownFileType = sourcecode.swift; path = ValidatableTests.swift; sourceTree = "<group>"; };
		7285A7661D17CC1D00718D23 /* ValidationErrorViewTests.swift */ = {isa = PBXFileReference; fileEncoding = 4; lastKnownFileType = sourcecode.swift; path = ValidationErrorViewTests.swift; sourceTree = "<group>"; };
		7285A7671D17CC1D00718D23 /* ValidationRuleTests.swift */ = {isa = PBXFileReference; fileEncoding = 4; lastKnownFileType = sourcecode.swift; path = ValidationRuleTests.swift; sourceTree = "<group>"; };
		7285A7681D17CC1D00718D23 /* ViewElementTests.swift */ = {isa = PBXFileReference; fileEncoding = 4; lastKnownFileType = sourcecode.swift; path = ViewElementTests.swift; sourceTree = "<group>"; };
		7285A7781D17CC2C00718D23 /* Assets.xcassets */ = {isa = PBXFileReference; lastKnownFileType = folder.assetcatalog; path = Assets.xcassets; sourceTree = "<group>"; };
		7285A7A21D17CCC300718D23 /* Example.app */ = {isa = PBXFileReference; explicitFileType = wrapper.application; includeInIndex = 0; path = Example.app; sourceTree = BUILT_PRODUCTS_DIR; };
		7285A7A41D17CCC300718D23 /* AppDelegate.swift */ = {isa = PBXFileReference; lastKnownFileType = sourcecode.swift; path = AppDelegate.swift; sourceTree = "<group>"; };
		7285A7A61D17CCC300718D23 /* ViewController.swift */ = {isa = PBXFileReference; lastKnownFileType = sourcecode.swift; path = ViewController.swift; sourceTree = "<group>"; };
		7285A7AB1D17CCC300718D23 /* Assets.xcassets */ = {isa = PBXFileReference; lastKnownFileType = folder.assetcatalog; path = Assets.xcassets; sourceTree = "<group>"; };
		7285A7AE1D17CCC300718D23 /* Base */ = {isa = PBXFileReference; lastKnownFileType = file.storyboard; name = Base; path = Base.lproj/LaunchScreen.storyboard; sourceTree = "<group>"; };
		7285A7B01D17CCC300718D23 /* Info.plist */ = {isa = PBXFileReference; lastKnownFileType = text.plist.xml; path = Info.plist; sourceTree = "<group>"; };
		7285A7B81D17CD0800718D23 /* FormalistUITests.xctest */ = {isa = PBXFileReference; explicitFileType = wrapper.cfbundle; includeInIndex = 0; path = FormalistUITests.xctest; sourceTree = BUILT_PRODUCTS_DIR; };
		7285A7BA1D17CD0800718D23 /* FormalistUITests.swift */ = {isa = PBXFileReference; lastKnownFileType = sourcecode.swift; path = FormalistUITests.swift; sourceTree = "<group>"; };
		7285A7BC1D17CD0800718D23 /* Info.plist */ = {isa = PBXFileReference; lastKnownFileType = text.plist.xml; path = Info.plist; sourceTree = "<group>"; };
		72C817F21D1F910F00BBD0C3 /* FloatLabelTextField.swift */ = {isa = PBXFileReference; fileEncoding = 4; lastKnownFileType = sourcecode.swift; path = FloatLabelTextField.swift; sourceTree = "<group>"; };
		77A3050A1D7B6C7300F17EEF /* PickerField.swift */ = {isa = PBXFileReference; fileEncoding = 4; lastKnownFileType = sourcecode.swift; path = PickerField.swift; sourceTree = "<group>"; };
		77CAA13B1F2188E400EA44AD /* FormNumberFormatter.swift */ = {isa = PBXFileReference; fileEncoding = 4; lastKnownFileType = sourcecode.swift; path = FormNumberFormatter.swift; sourceTree = "<group>"; };
		77CAA14D1F227BBE00EA44AD /* FormNumberFormatterTests.swift */ = {isa = PBXFileReference; fileEncoding = 4; lastKnownFileType = sourcecode.swift; path = FormNumberFormatterTests.swift; sourceTree = "<group>"; };
		77CAA14F1F23092400EA44AD /* Formattable.swift */ = {isa = PBXFileReference; fileEncoding = 4; lastKnownFileType = sourcecode.swift; path = Formattable.swift; sourceTree = "<group>"; };
		8CF63F7E1CCC53F776304834 /* Pods-Formalist-FormalistTests.release.xcconfig */ = {isa = PBXFileReference; includeInIndex = 1; lastKnownFileType = text.xcconfig; name = "Pods-Formalist-FormalistTests.release.xcconfig"; path = "Target Support Files/Pods-Formalist-FormalistTests/Pods-Formalist-FormalistTests.release.xcconfig"; sourceTree = "<group>"; };
		A15176541E16760100E5CCBC /* InfoFieldElement.swift */ = {isa = PBXFileReference; fileEncoding = 4; lastKnownFileType = sourcecode.swift; path = InfoFieldElement.swift; sourceTree = "<group>"; };
		A151765C1E16763200E5CCBC /* DividerElement.swift */ = {isa = PBXFileReference; fileEncoding = 4; lastKnownFileType = sourcecode.swift; path = DividerElement.swift; sourceTree = "<group>"; };
		A151765E1E1676E100E5CCBC /* AccessoryViewToolbar.swift */ = {isa = PBXFileReference; fileEncoding = 4; lastKnownFileType = sourcecode.swift; path = AccessoryViewToolbar.swift; sourceTree = "<group>"; };
		A19CF9111FB5DFA200BB1E86 /* FBSnapshotTestCase.framework */ = {isa = PBXFileReference; lastKnownFileType = wrapper.framework; name = FBSnapshotTestCase.framework; path = Carthage/Build/iOS/FBSnapshotTestCase.framework; sourceTree = "<group>"; };
		A1A486B51FB5E224008979D6 /* StackViewController.framework */ = {isa = PBXFileReference; lastKnownFileType = wrapper.framework; name = StackViewController.framework; path = Carthage/Build/iOS/StackViewController.framework; sourceTree = "<group>"; };
		A1F1FEDD2008C91D00BA48F2 /* FormViewController.swift */ = {isa = PBXFileReference; lastKnownFileType = sourcecode.swift; path = FormViewController.swift; sourceTree = "<group>"; };
		BF9631981FC629E700D7362F /* StackViewController.framework.dSYM */ = {isa = PBXFileReference; lastKnownFileType = wrapper.dsym; name = StackViewController.framework.dSYM; path = Carthage/Build/iOS/StackViewController.framework.dSYM; sourceTree = "<group>"; };
		BF9631991FC629E700D7362F /* FBSnapshotTestCase.framework.dSYM */ = {isa = PBXFileReference; lastKnownFileType = wrapper.dsym; name = FBSnapshotTestCase.framework.dSYM; path = Carthage/Build/iOS/FBSnapshotTestCase.framework.dSYM; sourceTree = "<group>"; };
		EBB9607B20BC51DD00AC12FF /* TextEditor.swift */ = {isa = PBXFileReference; lastKnownFileType = sourcecode.swift; path = TextEditor.swift; sourceTree = "<group>"; };
/* End PBXFileReference section */

/* Begin PBXFrameworksBuildPhase section */
		756AE908270CB00E00644AC5 /* Frameworks */ = {
			isa = PBXFrameworksBuildPhase;
			buildActionMask = 2147483647;
			files = (
				1E622D0045DB047312ABA3E4 /* Pods_Formalist.framework in Frameworks */,
			);
			runOnlyForDeploymentPostprocessing = 0;
		};
		B2117229D93112525C963C00 /* Frameworks */ = {
			isa = PBXFrameworksBuildPhase;
			buildActionMask = 2147483647;
			files = (
			);
			runOnlyForDeploymentPostprocessing = 0;
		};
		BF9631811FC61E0300D7362F /* Frameworks */ = {
			isa = PBXFrameworksBuildPhase;
			buildActionMask = 2147483647;
			files = (
				BF2209BE1FC6379600CAFE89 /* Formalist.framework in Frameworks */,
			);
			runOnlyForDeploymentPostprocessing = 0;
		};
		BF9631B21FC62DE900D7362F /* Frameworks */ = {
			isa = PBXFrameworksBuildPhase;
			buildActionMask = 2147483647;
			files = (
				BF9631B31FC62DEE00D7362F /* Formalist.framework in Frameworks */,
				07AAB606AB61BF35F186D3E7 /* Pods_Formalist_FormalistTests.framework in Frameworks */,
			);
			runOnlyForDeploymentPostprocessing = 0;
		};
/* End PBXFrameworksBuildPhase section */

/* Begin PBXGroup section */
		272C947BB9AF1A51A66B6768 /* Pods */ = {
			isa = PBXGroup;
			children = (
				1ECF35CC88B52DC5D6F6E051 /* Pods-Formalist.debug.xcconfig */,
				54A5F709DF07046BAA4244A9 /* Pods-Formalist.release.xcconfig */,
				0318E8DA06FD49796C139D78 /* Pods-Formalist-FormalistTests.debug.xcconfig */,
				8CF63F7E1CCC53F776304834 /* Pods-Formalist-FormalistTests.release.xcconfig */,
			);
			path = Pods;
			sourceTree = "<group>";
		};
		7285A6FC1D17CB7000718D23 = {
			isa = PBXGroup;
			children = (
				7285A7081D17CB7000718D23 /* Formalist */,
				7285A7141D17CB7000718D23 /* FormalistTests */,
				7285A7A31D17CCC300718D23 /* Example */,
				7285A7B91D17CD0800718D23 /* FormalistUITests */,
				7285A7071D17CB7000718D23 /* Products */,
				A19CF8F51FB5DE3900BB1E86 /* Frameworks */,
				272C947BB9AF1A51A66B6768 /* Pods */,
			);
			indentWidth = 4;
			sourceTree = "<group>";
			tabWidth = 4;
		};
		7285A7071D17CB7000718D23 /* Products */ = {
			isa = PBXGroup;
			children = (
				7285A7061D17CB7000718D23 /* Formalist.framework */,
				7285A7101D17CB7000718D23 /* FormalistTests.xctest */,
				7285A7A21D17CCC300718D23 /* Example.app */,
				7285A7B81D17CD0800718D23 /* FormalistUITests.xctest */,
			);
			name = Products;
			sourceTree = "<group>";
		};
		7285A7081D17CB7000718D23 /* Formalist */ = {
			isa = PBXGroup;
			children = (
				7285A7091D17CB7000718D23 /* Formalist.h */,
				7285A70B1D17CB7000718D23 /* Info.plist */,
				7285A7F31D17D1D900718D23 /* Core */,
				7285A7EA1D17D11200718D23 /* Elements */,
				7285A7F21D17D1C700718D23 /* Utility */,
			);
			path = Formalist;
			sourceTree = "<group>";
		};
		7285A7141D17CB7000718D23 /* FormalistTests */ = {
			isa = PBXGroup;
			children = (
				7285A7171D17CB7000718D23 /* Info.plist */,
				7285A7781D17CC2C00718D23 /* Assets.xcassets */,
				7285A75A1D17CC1D00718D23 /* BooleanElementTests.swift */,
				7285A75B1D17CC1D00718D23 /* EditableTextElementTests.swift */,
				7285A75C1D17CC1D00718D23 /* FloatLabelTests.swift */,
				7285A75D1D17CC1D00718D23 /* FormValueTests.swift */,
				7285A75E1D17CC1D00718D23 /* GroupElementTests.swift */,
				7285A75F1D17CC1D00718D23 /* PlaceholderTextViewTests.swift */,
				7285A7601D17CC1D00718D23 /* SegmentElementTests.swift */,
				7285A7611D17CC1D00718D23 /* SegueElementTests.swift */,
				7285A7621D17CC1D00718D23 /* SpacerElementTests.swift */,
				7285A7631D17CC1D00718D23 /* StaticTextElementTests.swift */,
				7285A7641D17CC1D00718D23 /* TestUtilities.swift */,
				7285A7651D17CC1D00718D23 /* ValidatableTests.swift */,
				7285A7661D17CC1D00718D23 /* ValidationErrorViewTests.swift */,
				7285A7671D17CC1D00718D23 /* ValidationRuleTests.swift */,
				7285A7681D17CC1D00718D23 /* ViewElementTests.swift */,
				77CAA14D1F227BBE00EA44AD /* FormNumberFormatterTests.swift */,
			);
			path = FormalistTests;
			sourceTree = "<group>";
		};
		7285A7A31D17CCC300718D23 /* Example */ = {
			isa = PBXGroup;
			children = (
				7285A7A41D17CCC300718D23 /* AppDelegate.swift */,
				7285A7A61D17CCC300718D23 /* ViewController.swift */,
				7285A7AB1D17CCC300718D23 /* Assets.xcassets */,
				7285A7AD1D17CCC300718D23 /* LaunchScreen.storyboard */,
				7285A7B01D17CCC300718D23 /* Info.plist */,
				A1F1FEDD2008C91D00BA48F2 /* FormViewController.swift */,
			);
			path = Example;
			sourceTree = "<group>";
		};
		7285A7B91D17CD0800718D23 /* FormalistUITests */ = {
			isa = PBXGroup;
			children = (
				7285A7BA1D17CD0800718D23 /* FormalistUITests.swift */,
				7285A7BC1D17CD0800718D23 /* Info.plist */,
			);
			path = FormalistUITests;
			sourceTree = "<group>";
		};
		7285A7EA1D17D11200718D23 /* Elements */ = {
			isa = PBXGroup;
			children = (
				A151765C1E16763200E5CCBC /* DividerElement.swift */,
				A15176541E16760100E5CCBC /* InfoFieldElement.swift */,
				7285A7311D17CBCA00718D23 /* SpacerElement.swift */,
				7285A7321D17CBCA00718D23 /* StaticTextElement.swift */,
				7285A73B1D17CBCA00718D23 /* ViewElement.swift */,
				7285A7F41D17D1F900718D23 /* Group */,
				7285A7EB1D17D11E00718D23 /* Boolean */,
				7285A7EC1D17D12700718D23 /* Segment */,
				7285A7ED1D17D13500718D23 /* Segue */,
				7285A7EE1D17D15A00718D23 /* Editable Text */,
			);
			name = Elements;
			sourceTree = "<group>";
		};
		7285A7EB1D17D11E00718D23 /* Boolean */ = {
			isa = PBXGroup;
			children = (
				7285A7201D17CBCA00718D23 /* BooleanElement.swift */,
				7285A7211D17CBCA00718D23 /* BooleanElementView.swift */,
			);
			name = Boolean;
			sourceTree = "<group>";
		};
		7285A7EC1D17D12700718D23 /* Segment */ = {
			isa = PBXGroup;
			children = (
				7285A72C1D17CBCA00718D23 /* Segment.swift */,
				7285A72D1D17CBCA00718D23 /* SegmentElement.swift */,
				7285A72E1D17CBCA00718D23 /* SegmentElementView.swift */,
			);
			name = Segment;
			sourceTree = "<group>";
		};
		7285A7ED1D17D13500718D23 /* Segue */ = {
			isa = PBXGroup;
			children = (
				7285A72F1D17CBCA00718D23 /* SegueElement.swift */,
				7285A7301D17CBCA00718D23 /* SegueElementView.swift */,
			);
			name = Segue;
			sourceTree = "<group>";
		};
		7285A7EE1D17D15A00718D23 /* Editable Text */ = {
			isa = PBXGroup;
			children = (
				7285A7241D17CBCA00718D23 /* EditableTextElement.swift */,
				7285A7331D17CBCA00718D23 /* TextEditorAdapter.swift */,
				7285A7341D17CBCA00718D23 /* TextEditorConfiguration.swift */,
				7285A7351D17CBCA00718D23 /* UITextFieldTextEditorAdapter.swift */,
				7285A7361D17CBCA00718D23 /* UITextViewTextEditorAdapter.swift */,
				7285A7251D17CBCA00718D23 /* FloatLabel.swift */,
				7285A7261D17CBCA00718D23 /* FloatLabelTextEditorAdapter.swift */,
				7285A72B1D17CBCA00718D23 /* PlaceholderTextView.swift */,
				72C817F21D1F910F00BBD0C3 /* FloatLabelTextField.swift */,
				77A3050A1D7B6C7300F17EEF /* PickerField.swift */,
				77CAA13B1F2188E400EA44AD /* FormNumberFormatter.swift */,
				77CAA14F1F23092400EA44AD /* Formattable.swift */,
			);
			name = "Editable Text";
			sourceTree = "<group>";
		};
		7285A7F21D17D1C700718D23 /* Utility */ = {
			isa = PBXGroup;
			children = (
				A151765E1E1676E100E5CCBC /* AccessoryViewToolbar.swift */,
				7285A7221D17CBCA00718D23 /* Box.swift */,
				7285A73C1D17CBCA00718D23 /* WeakBox.swift */,
				EBB9607B20BC51DD00AC12FF /* TextEditor.swift */,
			);
			name = Utility;
			sourceTree = "<group>";
		};
		7285A7F31D17D1D900718D23 /* Core */ = {
			isa = PBXGroup;
			children = (
				7285A7231D17CBCA00718D23 /* Convenience.swift */,
				7285A7271D17CBCA00718D23 /* FormElement.swift */,
				7285A7281D17CBCA00718D23 /* FormValue.swift */,
				7285A7291D17CBCA00718D23 /* FormViewController.swift */,
				7285A7381D17CBCA00718D23 /* Validatable.swift */,
				7285A73A1D17CBCA00718D23 /* ValidationRule.swift */,
				7285A7371D17CBCA00718D23 /* UIView+FormResponder.swift */,
				72239FEA1D25B9E800A157D9 /* UIView+ChangeObservation.swift */,
			);
			name = Core;
			sourceTree = "<group>";
		};
		7285A7F41D17D1F900718D23 /* Group */ = {
			isa = PBXGroup;
			children = (
				7285A72A1D17CBCA00718D23 /* GroupElement.swift */,
				7285A7391D17CBCA00718D23 /* ValidationErrorView.swift */,
			);
			name = Group;
			sourceTree = "<group>";
		};
		A19CF8F51FB5DE3900BB1E86 /* Frameworks */ = {
			isa = PBXGroup;
			children = (
				BF9631991FC629E700D7362F /* FBSnapshotTestCase.framework.dSYM */,
				BF9631981FC629E700D7362F /* StackViewController.framework.dSYM */,
				A1A486B51FB5E224008979D6 /* StackViewController.framework */,
				A19CF9111FB5DFA200BB1E86 /* FBSnapshotTestCase.framework */,
				3DA206E498D16D9304F9A8DC /* Pods_Formalist.framework */,
				44AED247BEA09844F34CCB17 /* Pods_Formalist_FormalistTests.framework */,
			);
			name = Frameworks;
			sourceTree = "<group>";
		};
/* End PBXGroup section */

/* Begin PBXHeadersBuildPhase section */
		7285A7031D17CB7000718D23 /* Headers */ = {
			isa = PBXHeadersBuildPhase;
			buildActionMask = 2147483647;
			files = (
				7285A70A1D17CB7000718D23 /* Formalist.h in Headers */,
			);
			runOnlyForDeploymentPostprocessing = 0;
		};
/* End PBXHeadersBuildPhase section */

/* Begin PBXNativeTarget section */
		7285A7051D17CB7000718D23 /* Formalist */ = {
			isa = PBXNativeTarget;
			buildConfigurationList = 7285A71A1D17CB7000718D23 /* Build configuration list for PBXNativeTarget "Formalist" */;
			buildPhases = (
				DB8E4F7C4D98BC897832F842 /* [CP] Check Pods Manifest.lock */,
				7285A7011D17CB7000718D23 /* Sources */,
				7285A7031D17CB7000718D23 /* Headers */,
				7285A7041D17CB7000718D23 /* Resources */,
				756AE908270CB00E00644AC5 /* Frameworks */,
			);
			buildRules = (
			);
			dependencies = (
			);
			name = Formalist;
			productName = Formalist;
			productReference = 7285A7061D17CB7000718D23 /* Formalist.framework */;
			productType = "com.apple.product-type.framework";
		};
		7285A70F1D17CB7000718D23 /* FormalistTests */ = {
			isa = PBXNativeTarget;
			buildConfigurationList = 7285A71D1D17CB7000718D23 /* Build configuration list for PBXNativeTarget "FormalistTests" */;
			buildPhases = (
				F5B5E5C39AF1E2985291CBA9 /* [CP] Check Pods Manifest.lock */,
				7285A70C1D17CB7000718D23 /* Sources */,
				7285A70E1D17CB7000718D23 /* Resources */,
				BF9631B21FC62DE900D7362F /* Frameworks */,
				57A4BD025DBB7BC8645A90F1 /* [CP] Embed Pods Frameworks */,
			);
			buildRules = (
			);
			dependencies = (
				7285A7131D17CB7000718D23 /* PBXTargetDependency */,
			);
			name = FormalistTests;
			productName = FormalistTests;
			productReference = 7285A7101D17CB7000718D23 /* FormalistTests.xctest */;
			productType = "com.apple.product-type.bundle.unit-test";
		};
		7285A7A11D17CCC300718D23 /* Example */ = {
			isa = PBXNativeTarget;
			buildConfigurationList = 7285A7B11D17CCC300718D23 /* Build configuration list for PBXNativeTarget "Example" */;
			buildPhases = (
				7285A79E1D17CCC300718D23 /* Sources */,
				7285A7A01D17CCC300718D23 /* Resources */,
				BF9631811FC61E0300D7362F /* Frameworks */,
				BF2209BF1FC6379900CAFE89 /* CopyFiles */,
			);
			buildRules = (
			);
			dependencies = (
				BF2209BD1FC6377700CAFE89 /* PBXTargetDependency */,
			);
			name = Example;
			productName = Example;
			productReference = 7285A7A21D17CCC300718D23 /* Example.app */;
			productType = "com.apple.product-type.application";
		};
		7285A7B71D17CD0800718D23 /* FormalistUITests */ = {
			isa = PBXNativeTarget;
			buildConfigurationList = 7285A7BF1D17CD0800718D23 /* Build configuration list for PBXNativeTarget "FormalistUITests" */;
			buildPhases = (
				7285A7B41D17CD0800718D23 /* Sources */,
				7285A7B61D17CD0800718D23 /* Resources */,
				B2117229D93112525C963C00 /* Frameworks */,
			);
			buildRules = (
			);
			dependencies = (
				7285A7BE1D17CD0800718D23 /* PBXTargetDependency */,
			);
			name = FormalistUITests;
			productName = FormalistUITests;
			productReference = 7285A7B81D17CD0800718D23 /* FormalistUITests.xctest */;
			productType = "com.apple.product-type.bundle.ui-testing";
		};
/* End PBXNativeTarget section */

/* Begin PBXProject section */
		7285A6FD1D17CB7000718D23 /* Project object */ = {
			isa = PBXProject;
			attributes = {
				LastSwiftUpdateCheck = 0730;
				LastUpgradeCheck = 1300;
				ORGANIZATIONNAME = "Seed Platform, Inc";
				TargetAttributes = {
					7285A7051D17CB7000718D23 = {
						CreatedOnToolsVersion = 7.3.1;
						LastSwiftMigration = 1110;
					};
					7285A70F1D17CB7000718D23 = {
						CreatedOnToolsVersion = 7.3.1;
						LastSwiftMigration = 1110;
					};
					7285A7A11D17CCC300718D23 = {
						CreatedOnToolsVersion = 7.3.1;
						LastSwiftMigration = 1110;
					};
					7285A7B71D17CD0800718D23 = {
						CreatedOnToolsVersion = 7.3.1;
						LastSwiftMigration = 1110;
						TestTargetID = 7285A7A11D17CCC300718D23;
					};
				};
			};
			buildConfigurationList = 7285A7001D17CB7000718D23 /* Build configuration list for PBXProject "Formalist" */;
			compatibilityVersion = "Xcode 3.2";
			developmentRegion = en;
			hasScannedForEncodings = 0;
			knownRegions = (
				en,
				Base,
			);
			mainGroup = 7285A6FC1D17CB7000718D23;
			productRefGroup = 7285A7071D17CB7000718D23 /* Products */;
			projectDirPath = "";
			projectRoot = "";
			targets = (
				7285A7051D17CB7000718D23 /* Formalist */,
				7285A70F1D17CB7000718D23 /* FormalistTests */,
				7285A7A11D17CCC300718D23 /* Example */,
				7285A7B71D17CD0800718D23 /* FormalistUITests */,
			);
		};
/* End PBXProject section */

/* Begin PBXResourcesBuildPhase section */
		7285A7041D17CB7000718D23 /* Resources */ = {
			isa = PBXResourcesBuildPhase;
			buildActionMask = 2147483647;
			files = (
			);
			runOnlyForDeploymentPostprocessing = 0;
		};
		7285A70E1D17CB7000718D23 /* Resources */ = {
			isa = PBXResourcesBuildPhase;
			buildActionMask = 2147483647;
			files = (
				7285A7791D17CC2C00718D23 /* Assets.xcassets in Resources */,
			);
			runOnlyForDeploymentPostprocessing = 0;
		};
		7285A7A01D17CCC300718D23 /* Resources */ = {
			isa = PBXResourcesBuildPhase;
			buildActionMask = 2147483647;
			files = (
				7285A7AF1D17CCC300718D23 /* LaunchScreen.storyboard in Resources */,
				7285A7AC1D17CCC300718D23 /* Assets.xcassets in Resources */,
			);
			runOnlyForDeploymentPostprocessing = 0;
		};
		7285A7B61D17CD0800718D23 /* Resources */ = {
			isa = PBXResourcesBuildPhase;
			buildActionMask = 2147483647;
			files = (
			);
			runOnlyForDeploymentPostprocessing = 0;
		};
/* End PBXResourcesBuildPhase section */

/* Begin PBXShellScriptBuildPhase section */
		57A4BD025DBB7BC8645A90F1 /* [CP] Embed Pods Frameworks */ = {
			isa = PBXShellScriptBuildPhase;
			buildActionMask = 2147483647;
			files = (
			);
			inputPaths = (
				"${PODS_ROOT}/Target Support Files/Pods-Formalist-FormalistTests/Pods-Formalist-FormalistTests-frameworks.sh",
				"${BUILT_PRODUCTS_DIR}/SeedStackViewController/StackViewController.framework",
				"${BUILT_PRODUCTS_DIR}/iOSSnapshotTestCase/FBSnapshotTestCase.framework",
			);
			name = "[CP] Embed Pods Frameworks";
			outputPaths = (
				"${TARGET_BUILD_DIR}/${FRAMEWORKS_FOLDER_PATH}/StackViewController.framework",
				"${TARGET_BUILD_DIR}/${FRAMEWORKS_FOLDER_PATH}/FBSnapshotTestCase.framework",
			);
			runOnlyForDeploymentPostprocessing = 0;
			shellPath = /bin/sh;
			shellScript = "\"${PODS_ROOT}/Target Support Files/Pods-Formalist-FormalistTests/Pods-Formalist-FormalistTests-frameworks.sh\"\n";
			showEnvVarsInLog = 0;
		};
		DB8E4F7C4D98BC897832F842 /* [CP] Check Pods Manifest.lock */ = {
			isa = PBXShellScriptBuildPhase;
			buildActionMask = 2147483647;
			files = (
			);
			inputFileListPaths = (
			);
			inputPaths = (
				"${PODS_PODFILE_DIR_PATH}/Podfile.lock",
				"${PODS_ROOT}/Manifest.lock",
			);
			name = "[CP] Check Pods Manifest.lock";
			outputFileListPaths = (
			);
			outputPaths = (
				"$(DERIVED_FILE_DIR)/Pods-Formalist-checkManifestLockResult.txt",
			);
			runOnlyForDeploymentPostprocessing = 0;
			shellPath = /bin/sh;
			shellScript = "diff \"${PODS_PODFILE_DIR_PATH}/Podfile.lock\" \"${PODS_ROOT}/Manifest.lock\" > /dev/null\nif [ $? != 0 ] ; then\n    # print error to STDERR\n    echo \"error: The sandbox is not in sync with the Podfile.lock. Run 'pod install' or update your CocoaPods installation.\" >&2\n    exit 1\nfi\n# This output is used by Xcode 'outputs' to avoid re-running this script phase.\necho \"SUCCESS\" > \"${SCRIPT_OUTPUT_FILE_0}\"\n";
			showEnvVarsInLog = 0;
		};
		F5B5E5C39AF1E2985291CBA9 /* [CP] Check Pods Manifest.lock */ = {
			isa = PBXShellScriptBuildPhase;
			buildActionMask = 2147483647;
			files = (
			);
			inputFileListPaths = (
			);
			inputPaths = (
				"${PODS_PODFILE_DIR_PATH}/Podfile.lock",
				"${PODS_ROOT}/Manifest.lock",
			);
			name = "[CP] Check Pods Manifest.lock";
			outputFileListPaths = (
			);
			outputPaths = (
				"$(DERIVED_FILE_DIR)/Pods-Formalist-FormalistTests-checkManifestLockResult.txt",
			);
			runOnlyForDeploymentPostprocessing = 0;
			shellPath = /bin/sh;
			shellScript = "diff \"${PODS_PODFILE_DIR_PATH}/Podfile.lock\" \"${PODS_ROOT}/Manifest.lock\" > /dev/null\nif [ $? != 0 ] ; then\n    # print error to STDERR\n    echo \"error: The sandbox is not in sync with the Podfile.lock. Run 'pod install' or update your CocoaPods installation.\" >&2\n    exit 1\nfi\n# This output is used by Xcode 'outputs' to avoid re-running this script phase.\necho \"SUCCESS\" > \"${SCRIPT_OUTPUT_FILE_0}\"\n";
			showEnvVarsInLog = 0;
		};
/* End PBXShellScriptBuildPhase section */

/* Begin PBXSourcesBuildPhase section */
		7285A7011D17CB7000718D23 /* Sources */ = {
			isa = PBXSourcesBuildPhase;
			buildActionMask = 2147483647;
			files = (
				7285A74C1D17CBCA00718D23 /* SegueElement.swift in Sources */,
				7285A7411D17CBCA00718D23 /* EditableTextElement.swift in Sources */,
				7285A7591D17CBCA00718D23 /* WeakBox.swift in Sources */,
				72C817F31D1F910F00BBD0C3 /* FloatLabelTextField.swift in Sources */,
				7285A7491D17CBCA00718D23 /* Segment.swift in Sources */,
				7285A7431D17CBCA00718D23 /* FloatLabelTextEditorAdapter.swift in Sources */,
				7285A7561D17CBCA00718D23 /* ValidationErrorView.swift in Sources */,
				7285A7581D17CBCA00718D23 /* ViewElement.swift in Sources */,
				7285A7441D17CBCA00718D23 /* FormElement.swift in Sources */,
				7285A7551D17CBCA00718D23 /* Validatable.swift in Sources */,
				A151765D1E16763200E5CCBC /* DividerElement.swift in Sources */,
				7285A7481D17CBCA00718D23 /* PlaceholderTextView.swift in Sources */,
				7285A74B1D17CBCA00718D23 /* SegmentElementView.swift in Sources */,
				7285A7541D17CBCA00718D23 /* UIView+FormResponder.swift in Sources */,
				7285A74D1D17CBCA00718D23 /* SegueElementView.swift in Sources */,
				77CAA13C1F2188E400EA44AD /* FormNumberFormatter.swift in Sources */,
				77A3050B1D7B6C7300F17EEF /* PickerField.swift in Sources */,
				72239FEB1D25B9E800A157D9 /* UIView+ChangeObservation.swift in Sources */,
				7285A7421D17CBCA00718D23 /* FloatLabel.swift in Sources */,
				7285A7511D17CBCA00718D23 /* TextEditorConfiguration.swift in Sources */,
				7285A74F1D17CBCA00718D23 /* StaticTextElement.swift in Sources */,
				EBB9607C20BC51DD00AC12FF /* TextEditor.swift in Sources */,
				7285A7521D17CBCA00718D23 /* UITextFieldTextEditorAdapter.swift in Sources */,
				7285A73F1D17CBCA00718D23 /* Box.swift in Sources */,
				7285A74E1D17CBCA00718D23 /* SpacerElement.swift in Sources */,
				7285A7401D17CBCA00718D23 /* Convenience.swift in Sources */,
				7285A74A1D17CBCA00718D23 /* SegmentElement.swift in Sources */,
				A151765F1E1676E100E5CCBC /* AccessoryViewToolbar.swift in Sources */,
				7285A7451D17CBCA00718D23 /* FormValue.swift in Sources */,
				77CAA1501F23092400EA44AD /* Formattable.swift in Sources */,
				7285A7501D17CBCA00718D23 /* TextEditorAdapter.swift in Sources */,
				7285A73E1D17CBCA00718D23 /* BooleanElementView.swift in Sources */,
				7285A7471D17CBCA00718D23 /* GroupElement.swift in Sources */,
				7285A7461D17CBCA00718D23 /* FormViewController.swift in Sources */,
				7285A7571D17CBCA00718D23 /* ValidationRule.swift in Sources */,
				7285A7531D17CBCA00718D23 /* UITextViewTextEditorAdapter.swift in Sources */,
				A15176551E16760100E5CCBC /* InfoFieldElement.swift in Sources */,
				7285A73D1D17CBCA00718D23 /* BooleanElement.swift in Sources */,
			);
			runOnlyForDeploymentPostprocessing = 0;
		};
		7285A70C1D17CB7000718D23 /* Sources */ = {
			isa = PBXSourcesBuildPhase;
			buildActionMask = 2147483647;
			files = (
				7285A76B1D17CC1D00718D23 /* FloatLabelTests.swift in Sources */,
				7285A7771D17CC1D00718D23 /* ViewElementTests.swift in Sources */,
				77CAA14E1F227BBE00EA44AD /* FormNumberFormatterTests.swift in Sources */,
				7285A7761D17CC1D00718D23 /* ValidationRuleTests.swift in Sources */,
				7285A76E1D17CC1D00718D23 /* PlaceholderTextViewTests.swift in Sources */,
				7285A7691D17CC1D00718D23 /* BooleanElementTests.swift in Sources */,
				7285A7731D17CC1D00718D23 /* TestUtilities.swift in Sources */,
				7285A76A1D17CC1D00718D23 /* EditableTextElementTests.swift in Sources */,
				7285A76D1D17CC1D00718D23 /* GroupElementTests.swift in Sources */,
				7285A7751D17CC1D00718D23 /* ValidationErrorViewTests.swift in Sources */,
				7285A76C1D17CC1D00718D23 /* FormValueTests.swift in Sources */,
				7285A7721D17CC1D00718D23 /* StaticTextElementTests.swift in Sources */,
				7285A7741D17CC1D00718D23 /* ValidatableTests.swift in Sources */,
				7285A76F1D17CC1D00718D23 /* SegmentElementTests.swift in Sources */,
				7285A7711D17CC1D00718D23 /* SpacerElementTests.swift in Sources */,
			);
			runOnlyForDeploymentPostprocessing = 0;
		};
		7285A79E1D17CCC300718D23 /* Sources */ = {
			isa = PBXSourcesBuildPhase;
			buildActionMask = 2147483647;
			files = (
				A1F1FEDE2008C91D00BA48F2 /* FormViewController.swift in Sources */,
				7285A7A71D17CCC300718D23 /* ViewController.swift in Sources */,
				7285A7A51D17CCC300718D23 /* AppDelegate.swift in Sources */,
			);
			runOnlyForDeploymentPostprocessing = 0;
		};
		7285A7B41D17CD0800718D23 /* Sources */ = {
			isa = PBXSourcesBuildPhase;
			buildActionMask = 2147483647;
			files = (
				7285A7BB1D17CD0800718D23 /* FormalistUITests.swift in Sources */,
			);
			runOnlyForDeploymentPostprocessing = 0;
		};
/* End PBXSourcesBuildPhase section */

/* Begin PBXTargetDependency section */
		7285A7131D17CB7000718D23 /* PBXTargetDependency */ = {
			isa = PBXTargetDependency;
			target = 7285A7051D17CB7000718D23 /* Formalist */;
			targetProxy = 7285A7121D17CB7000718D23 /* PBXContainerItemProxy */;
		};
		7285A7BE1D17CD0800718D23 /* PBXTargetDependency */ = {
			isa = PBXTargetDependency;
			target = 7285A7A11D17CCC300718D23 /* Example */;
			targetProxy = 7285A7BD1D17CD0800718D23 /* PBXContainerItemProxy */;
		};
		BF2209BD1FC6377700CAFE89 /* PBXTargetDependency */ = {
			isa = PBXTargetDependency;
			target = 7285A7051D17CB7000718D23 /* Formalist */;
			targetProxy = BF2209BC1FC6377700CAFE89 /* PBXContainerItemProxy */;
		};
/* End PBXTargetDependency section */

/* Begin PBXVariantGroup section */
		7285A7AD1D17CCC300718D23 /* LaunchScreen.storyboard */ = {
			isa = PBXVariantGroup;
			children = (
				7285A7AE1D17CCC300718D23 /* Base */,
			);
			name = LaunchScreen.storyboard;
			sourceTree = "<group>";
		};
/* End PBXVariantGroup section */

/* Begin XCBuildConfiguration section */
		7285A7181D17CB7000718D23 /* Debug */ = {
			isa = XCBuildConfiguration;
			buildSettings = {
				ALWAYS_SEARCH_USER_PATHS = NO;
				CLANG_ANALYZER_LOCALIZABILITY_NONLOCALIZED = YES;
				CLANG_ANALYZER_NONNULL = YES;
				CLANG_CXX_LANGUAGE_STANDARD = "gnu++0x";
				CLANG_CXX_LIBRARY = "libc++";
				CLANG_ENABLE_MODULES = YES;
				CLANG_ENABLE_OBJC_ARC = YES;
				CLANG_WARN_BLOCK_CAPTURE_AUTORELEASING = YES;
				CLANG_WARN_BOOL_CONVERSION = YES;
				CLANG_WARN_COMMA = YES;
				CLANG_WARN_CONSTANT_CONVERSION = YES;
				CLANG_WARN_DEPRECATED_OBJC_IMPLEMENTATIONS = YES;
				CLANG_WARN_DIRECT_OBJC_ISA_USAGE = YES_ERROR;
				CLANG_WARN_EMPTY_BODY = YES;
				CLANG_WARN_ENUM_CONVERSION = YES;
				CLANG_WARN_INFINITE_RECURSION = YES;
				CLANG_WARN_INT_CONVERSION = YES;
				CLANG_WARN_NON_LITERAL_NULL_CONVERSION = YES;
				CLANG_WARN_OBJC_IMPLICIT_RETAIN_SELF = YES;
				CLANG_WARN_OBJC_LITERAL_CONVERSION = YES;
				CLANG_WARN_OBJC_ROOT_CLASS = YES_ERROR;
				CLANG_WARN_QUOTED_INCLUDE_IN_FRAMEWORK_HEADER = YES;
				CLANG_WARN_RANGE_LOOP_ANALYSIS = YES;
				CLANG_WARN_STRICT_PROTOTYPES = YES;
				CLANG_WARN_SUSPICIOUS_MOVE = YES;
				CLANG_WARN_UNREACHABLE_CODE = YES;
				CLANG_WARN__DUPLICATE_METHOD_MATCH = YES;
				"CODE_SIGN_IDENTITY[sdk=iphoneos*]" = "iPhone Developer";
				COPY_PHASE_STRIP = NO;
				CURRENT_PROJECT_VERSION = 1;
				DEBUG_INFORMATION_FORMAT = dwarf;
				ENABLE_STRICT_OBJC_MSGSEND = YES;
				ENABLE_TESTABILITY = YES;
				GCC_C_LANGUAGE_STANDARD = gnu99;
				GCC_DYNAMIC_NO_PIC = NO;
				GCC_NO_COMMON_BLOCKS = YES;
				GCC_OPTIMIZATION_LEVEL = 0;
				GCC_PREPROCESSOR_DEFINITIONS = (
					"DEBUG=1",
					"$(inherited)",
				);
				GCC_WARN_64_TO_32_BIT_CONVERSION = YES;
				GCC_WARN_ABOUT_RETURN_TYPE = YES_ERROR;
				GCC_WARN_UNDECLARED_SELECTOR = YES;
				GCC_WARN_UNINITIALIZED_AUTOS = YES_AGGRESSIVE;
				GCC_WARN_UNUSED_FUNCTION = YES;
				GCC_WARN_UNUSED_VARIABLE = YES;
				IPHONEOS_DEPLOYMENT_TARGET = 12.0;
				MTL_ENABLE_DEBUG_INFO = YES;
				ONLY_ACTIVE_ARCH = YES;
				SDKROOT = iphoneos;
				SWIFT_OPTIMIZATION_LEVEL = "-Onone";
				TARGETED_DEVICE_FAMILY = "1,2";
				VERSIONING_SYSTEM = "apple-generic";
				VERSION_INFO_PREFIX = "";
			};
			name = Debug;
		};
		7285A7191D17CB7000718D23 /* Release */ = {
			isa = XCBuildConfiguration;
			buildSettings = {
				ALWAYS_SEARCH_USER_PATHS = NO;
				CLANG_ANALYZER_LOCALIZABILITY_NONLOCALIZED = YES;
				CLANG_ANALYZER_NONNULL = YES;
				CLANG_CXX_LANGUAGE_STANDARD = "gnu++0x";
				CLANG_CXX_LIBRARY = "libc++";
				CLANG_ENABLE_MODULES = YES;
				CLANG_ENABLE_OBJC_ARC = YES;
				CLANG_WARN_BLOCK_CAPTURE_AUTORELEASING = YES;
				CLANG_WARN_BOOL_CONVERSION = YES;
				CLANG_WARN_COMMA = YES;
				CLANG_WARN_CONSTANT_CONVERSION = YES;
				CLANG_WARN_DEPRECATED_OBJC_IMPLEMENTATIONS = YES;
				CLANG_WARN_DIRECT_OBJC_ISA_USAGE = YES_ERROR;
				CLANG_WARN_EMPTY_BODY = YES;
				CLANG_WARN_ENUM_CONVERSION = YES;
				CLANG_WARN_INFINITE_RECURSION = YES;
				CLANG_WARN_INT_CONVERSION = YES;
				CLANG_WARN_NON_LITERAL_NULL_CONVERSION = YES;
				CLANG_WARN_OBJC_IMPLICIT_RETAIN_SELF = YES;
				CLANG_WARN_OBJC_LITERAL_CONVERSION = YES;
				CLANG_WARN_OBJC_ROOT_CLASS = YES_ERROR;
				CLANG_WARN_QUOTED_INCLUDE_IN_FRAMEWORK_HEADER = YES;
				CLANG_WARN_RANGE_LOOP_ANALYSIS = YES;
				CLANG_WARN_STRICT_PROTOTYPES = YES;
				CLANG_WARN_SUSPICIOUS_MOVE = YES;
				CLANG_WARN_UNREACHABLE_CODE = YES;
				CLANG_WARN__DUPLICATE_METHOD_MATCH = YES;
				"CODE_SIGN_IDENTITY[sdk=iphoneos*]" = "iPhone Developer";
				COPY_PHASE_STRIP = NO;
				CURRENT_PROJECT_VERSION = 1;
				DEBUG_INFORMATION_FORMAT = "dwarf-with-dsym";
				ENABLE_NS_ASSERTIONS = NO;
				ENABLE_STRICT_OBJC_MSGSEND = YES;
				GCC_C_LANGUAGE_STANDARD = gnu99;
				GCC_NO_COMMON_BLOCKS = YES;
				GCC_WARN_64_TO_32_BIT_CONVERSION = YES;
				GCC_WARN_ABOUT_RETURN_TYPE = YES_ERROR;
				GCC_WARN_UNDECLARED_SELECTOR = YES;
				GCC_WARN_UNINITIALIZED_AUTOS = YES_AGGRESSIVE;
				GCC_WARN_UNUSED_FUNCTION = YES;
				GCC_WARN_UNUSED_VARIABLE = YES;
				IPHONEOS_DEPLOYMENT_TARGET = 12.0;
				MTL_ENABLE_DEBUG_INFO = NO;
				SDKROOT = iphoneos;
				SWIFT_OPTIMIZATION_LEVEL = "-Owholemodule";
				TARGETED_DEVICE_FAMILY = "1,2";
				VALIDATE_PRODUCT = YES;
				VERSIONING_SYSTEM = "apple-generic";
				VERSION_INFO_PREFIX = "";
			};
			name = Release;
		};
		7285A71B1D17CB7000718D23 /* Debug */ = {
			isa = XCBuildConfiguration;
			baseConfigurationReference = 1ECF35CC88B52DC5D6F6E051 /* Pods-Formalist.debug.xcconfig */;
			buildSettings = {
				CLANG_ENABLE_MODULES = YES;
				"CODE_SIGN_IDENTITY[sdk=iphoneos*]" = "";
				DEFINES_MODULE = YES;
				DYLIB_COMPATIBILITY_VERSION = 1;
				DYLIB_CURRENT_VERSION = 1;
				DYLIB_INSTALL_NAME_BASE = "@rpath";
				FRAMEWORK_SEARCH_PATHS = "$(inherited)";
				INFOPLIST_FILE = Formalist/Info.plist;
				INSTALL_PATH = "$(LOCAL_LIBRARY_DIR)/Frameworks";
				IPHONEOS_DEPLOYMENT_TARGET = 12.0;
				LD_RUNPATH_SEARCH_PATHS = "$(inherited) @executable_path/Frameworks @loader_path/Frameworks";
				PRODUCT_BUNDLE_IDENTIFIER = co.seed.Formalist;
				PRODUCT_NAME = "$(TARGET_NAME)";
				SKIP_INSTALL = YES;
				SWIFT_OPTIMIZATION_LEVEL = "-Onone";
				SWIFT_VERSION = 5.0;
			};
			name = Debug;
		};
		7285A71C1D17CB7000718D23 /* Release */ = {
			isa = XCBuildConfiguration;
			baseConfigurationReference = 54A5F709DF07046BAA4244A9 /* Pods-Formalist.release.xcconfig */;
			buildSettings = {
				CLANG_ENABLE_MODULES = YES;
				"CODE_SIGN_IDENTITY[sdk=iphoneos*]" = "";
				DEFINES_MODULE = YES;
				DYLIB_COMPATIBILITY_VERSION = 1;
				DYLIB_CURRENT_VERSION = 1;
				DYLIB_INSTALL_NAME_BASE = "@rpath";
				FRAMEWORK_SEARCH_PATHS = "$(inherited)";
				INFOPLIST_FILE = Formalist/Info.plist;
				INSTALL_PATH = "$(LOCAL_LIBRARY_DIR)/Frameworks";
				IPHONEOS_DEPLOYMENT_TARGET = 12.0;
				LD_RUNPATH_SEARCH_PATHS = "$(inherited) @executable_path/Frameworks @loader_path/Frameworks";
				PRODUCT_BUNDLE_IDENTIFIER = co.seed.Formalist;
				PRODUCT_NAME = "$(TARGET_NAME)";
				SKIP_INSTALL = YES;
				SWIFT_VERSION = 5.0;
			};
			name = Release;
		};
		7285A71E1D17CB7000718D23 /* Debug */ = {
			isa = XCBuildConfiguration;
			baseConfigurationReference = 0318E8DA06FD49796C139D78 /* Pods-Formalist-FormalistTests.debug.xcconfig */;
			buildSettings = {
				CLANG_ENABLE_MODULES = YES;
				FRAMEWORK_SEARCH_PATHS = "$(inherited)";
				INFOPLIST_FILE = FormalistTests/Info.plist;
				LD_RUNPATH_SEARCH_PATHS = "$(inherited) @executable_path/Frameworks @loader_path/Frameworks";
				PRODUCT_BUNDLE_IDENTIFIER = co.seed.FormalistTests;
				PRODUCT_NAME = "$(TARGET_NAME)";
				SWIFT_OPTIMIZATION_LEVEL = "-Onone";
				SWIFT_VERSION = 5.0;
			};
			name = Debug;
		};
		7285A71F1D17CB7000718D23 /* Release */ = {
			isa = XCBuildConfiguration;
			baseConfigurationReference = 8CF63F7E1CCC53F776304834 /* Pods-Formalist-FormalistTests.release.xcconfig */;
			buildSettings = {
				CLANG_ENABLE_MODULES = YES;
				FRAMEWORK_SEARCH_PATHS = "$(inherited)";
				INFOPLIST_FILE = FormalistTests/Info.plist;
				LD_RUNPATH_SEARCH_PATHS = "$(inherited) @executable_path/Frameworks @loader_path/Frameworks";
				PRODUCT_BUNDLE_IDENTIFIER = co.seed.FormalistTests;
				PRODUCT_NAME = "$(TARGET_NAME)";
				SWIFT_VERSION = 5.0;
			};
			name = Release;
		};
		7285A7B21D17CCC300718D23 /* Debug */ = {
			isa = XCBuildConfiguration;
			buildSettings = {
				ASSETCATALOG_COMPILER_APPICON_NAME = AppIcon;
				FRAMEWORK_SEARCH_PATHS = "$(inherited)";
				INFOPLIST_FILE = Example/Info.plist;
				IPHONEOS_DEPLOYMENT_TARGET = 12.0;
				LD_RUNPATH_SEARCH_PATHS = "$(inherited) @executable_path/Frameworks";
				PRODUCT_BUNDLE_IDENTIFIER = co.seed.Example;
				PRODUCT_NAME = "$(TARGET_NAME)";
				SWIFT_SWIFT3_OBJC_INFERENCE = Default;
				SWIFT_VERSION = 5.0;
			};
			name = Debug;
		};
		7285A7B31D17CCC300718D23 /* Release */ = {
			isa = XCBuildConfiguration;
			buildSettings = {
				ASSETCATALOG_COMPILER_APPICON_NAME = AppIcon;
				FRAMEWORK_SEARCH_PATHS = "$(inherited)";
				INFOPLIST_FILE = Example/Info.plist;
				IPHONEOS_DEPLOYMENT_TARGET = 12.0;
				LD_RUNPATH_SEARCH_PATHS = "$(inherited) @executable_path/Frameworks";
				PRODUCT_BUNDLE_IDENTIFIER = co.seed.Example;
				PRODUCT_NAME = "$(TARGET_NAME)";
				SWIFT_SWIFT3_OBJC_INFERENCE = Default;
				SWIFT_VERSION = 5.0;
			};
			name = Release;
		};
		7285A7C01D17CD0800718D23 /* Debug */ = {
			isa = XCBuildConfiguration;
			buildSettings = {
				FRAMEWORK_SEARCH_PATHS = "$(inherited)";
				INFOPLIST_FILE = FormalistUITests/Info.plist;
				LD_RUNPATH_SEARCH_PATHS = "$(inherited) @executable_path/Frameworks @loader_path/Frameworks";
				PRODUCT_BUNDLE_IDENTIFIER = co.seed.FormalistUITests;
				PRODUCT_NAME = "$(TARGET_NAME)";
				SWIFT_VERSION = 5.0;
				TEST_TARGET_NAME = Example;
			};
			name = Debug;
		};
		7285A7C11D17CD0800718D23 /* Release */ = {
			isa = XCBuildConfiguration;
			buildSettings = {
				FRAMEWORK_SEARCH_PATHS = "$(inherited)";
				INFOPLIST_FILE = FormalistUITests/Info.plist;
				LD_RUNPATH_SEARCH_PATHS = "$(inherited) @executable_path/Frameworks @loader_path/Frameworks";
				PRODUCT_BUNDLE_IDENTIFIER = co.seed.FormalistUITests;
				PRODUCT_NAME = "$(TARGET_NAME)";
				SWIFT_VERSION = 5.0;
				TEST_TARGET_NAME = Example;
			};
			name = Release;
		};
/* End XCBuildConfiguration section */

/* Begin XCConfigurationList section */
		7285A7001D17CB7000718D23 /* Build configuration list for PBXProject "Formalist" */ = {
			isa = XCConfigurationList;
			buildConfigurations = (
				7285A7181D17CB7000718D23 /* Debug */,
				7285A7191D17CB7000718D23 /* Release */,
			);
			defaultConfigurationIsVisible = 0;
			defaultConfigurationName = Release;
		};
		7285A71A1D17CB7000718D23 /* Build configuration list for PBXNativeTarget "Formalist" */ = {
			isa = XCConfigurationList;
			buildConfigurations = (
				7285A71B1D17CB7000718D23 /* Debug */,
				7285A71C1D17CB7000718D23 /* Release */,
			);
			defaultConfigurationIsVisible = 0;
			defaultConfigurationName = Release;
		};
		7285A71D1D17CB7000718D23 /* Build configuration list for PBXNativeTarget "FormalistTests" */ = {
			isa = XCConfigurationList;
			buildConfigurations = (
				7285A71E1D17CB7000718D23 /* Debug */,
				7285A71F1D17CB7000718D23 /* Release */,
			);
			defaultConfigurationIsVisible = 0;
			defaultConfigurationName = Release;
		};
		7285A7B11D17CCC300718D23 /* Build configuration list for PBXNativeTarget "Example" */ = {
			isa = XCConfigurationList;
			buildConfigurations = (
				7285A7B21D17CCC300718D23 /* Debug */,
				7285A7B31D17CCC300718D23 /* Release */,
			);
			defaultConfigurationIsVisible = 0;
			defaultConfigurationName = Release;
		};
		7285A7BF1D17CD0800718D23 /* Build configuration list for PBXNativeTarget "FormalistUITests" */ = {
			isa = XCConfigurationList;
			buildConfigurations = (
				7285A7C01D17CD0800718D23 /* Debug */,
				7285A7C11D17CD0800718D23 /* Release */,
			);
			defaultConfigurationIsVisible = 0;
			defaultConfigurationName = Release;
		};
/* End XCConfigurationList section */
	};
	rootObject = 7285A6FD1D17CB7000718D23 /* Project object */;
}
