// !$*UTF8*$!
{
	archiveVersion = 1;
	classes = {
	};
	objectVersion = 46;
	objects = {

/* Begin PBXBuildFile section */
		720357431D0130D6006F2542 /* FormViewController.swift in Sources */ = {isa = PBXBuildFile; fileRef = 720357421D0130D6006F2542 /* FormViewController.swift */; };
		724715241CFE119A00BD2549 /* ViewElement.swift in Sources */ = {isa = PBXBuildFile; fileRef = 724715231CFE119A00BD2549 /* ViewElement.swift */; };
		724715281CFE156B00BD2549 /* TextFieldElement.swift in Sources */ = {isa = PBXBuildFile; fileRef = 724715271CFE156B00BD2549 /* TextFieldElement.swift */; };
		7247152A1CFEAC1400BD2549 /* ValidationRule.swift in Sources */ = {isa = PBXBuildFile; fileRef = 724715291CFEAC1400BD2549 /* ValidationRule.swift */; };
		7247152D1CFEB00400BD2549 /* Validatable.swift in Sources */ = {isa = PBXBuildFile; fileRef = 7247152C1CFEB00400BD2549 /* Validatable.swift */; };
		724715311CFEB4AE00BD2549 /* Box.swift in Sources */ = {isa = PBXBuildFile; fileRef = 724715301CFEB4AE00BD2549 /* Box.swift */; };
		7276FE8F1CF67DD800C3B4E4 /* Forms.h in Headers */ = {isa = PBXBuildFile; fileRef = 7276FE8E1CF67DD800C3B4E4 /* Forms.h */; settings = {ATTRIBUTES = (Public, ); }; };
		7276FE961CF67DD800C3B4E4 /* Forms.framework in Frameworks */ = {isa = PBXBuildFile; fileRef = 7276FE8B1CF67DD800C3B4E4 /* Forms.framework */; };
		7276FEAC1CF67DEB00C3B4E4 /* AppDelegate.swift in Sources */ = {isa = PBXBuildFile; fileRef = 7276FEAB1CF67DEB00C3B4E4 /* AppDelegate.swift */; };
		7276FEAE1CF67DEB00C3B4E4 /* ViewController.swift in Sources */ = {isa = PBXBuildFile; fileRef = 7276FEAD1CF67DEB00C3B4E4 /* ViewController.swift */; };
		7276FEB31CF67DEB00C3B4E4 /* Assets.xcassets in Resources */ = {isa = PBXBuildFile; fileRef = 7276FEB21CF67DEB00C3B4E4 /* Assets.xcassets */; };
		7276FEB61CF67DEB00C3B4E4 /* LaunchScreen.storyboard in Resources */ = {isa = PBXBuildFile; fileRef = 7276FEB41CF67DEB00C3B4E4 /* LaunchScreen.storyboard */; };
		7276FEBB1CF67DF200C3B4E4 /* Forms.framework in Frameworks */ = {isa = PBXBuildFile; fileRef = 7276FE8B1CF67DD800C3B4E4 /* Forms.framework */; };
		7276FEBC1CF67DF200C3B4E4 /* Forms.framework in Embed Frameworks */ = {isa = PBXBuildFile; fileRef = 7276FE8B1CF67DD800C3B4E4 /* Forms.framework */; settings = {ATTRIBUTES = (CodeSignOnCopy, RemoveHeadersOnCopy, ); }; };
		7276FEC11CF68C2C00C3B4E4 /* FormValue.swift in Sources */ = {isa = PBXBuildFile; fileRef = 7276FEC01CF68C2C00C3B4E4 /* FormValue.swift */; };
		7276FEC51CF6963500C3B4E4 /* FormValueTests.swift in Sources */ = {isa = PBXBuildFile; fileRef = 7276FEC41CF6963500C3B4E4 /* FormValueTests.swift */; };
		7276FEC71CF6A9D700C3B4E4 /* FormElement.swift in Sources */ = {isa = PBXBuildFile; fileRef = 7276FEC61CF6A9D700C3B4E4 /* FormElement.swift */; };
		7276FECB1CF6B2B500C3B4E4 /* BooleanElementView.swift in Sources */ = {isa = PBXBuildFile; fileRef = 7276FECA1CF6B2B500C3B4E4 /* BooleanElementView.swift */; };
		7276FEDC1CF6B3AF00C3B4E4 /* StackViewController.framework in Frameworks */ = {isa = PBXBuildFile; fileRef = 7276FED41CF6B34E00C3B4E4 /* StackViewController.framework */; };
		7276FEE01CF6B42900C3B4E4 /* BooleanElement.swift in Sources */ = {isa = PBXBuildFile; fileRef = 7276FEDF1CF6B42900C3B4E4 /* BooleanElement.swift */; };
		7276FEE21CF6B86E00C3B4E4 /* SegmentElementView.swift in Sources */ = {isa = PBXBuildFile; fileRef = 7276FEE11CF6B86E00C3B4E4 /* SegmentElementView.swift */; };
		7276FEE41CF6B87400C3B4E4 /* Segment.swift in Sources */ = {isa = PBXBuildFile; fileRef = 7276FEE31CF6B87400C3B4E4 /* Segment.swift */; };
		7276FEE61CF6B92B00C3B4E4 /* SegmentElement.swift in Sources */ = {isa = PBXBuildFile; fileRef = 7276FEE51CF6B92B00C3B4E4 /* SegmentElement.swift */; };
		7292B2551CFFEFBE00FFE97B /* GroupElement.swift in Sources */ = {isa = PBXBuildFile; fileRef = 7292B2541CFFEFBE00FFE97B /* GroupElement.swift */; };
		7292B2591D00078700FFE97B /* UIView+FormResponder.swift in Sources */ = {isa = PBXBuildFile; fileRef = 7292B2581D00078700FFE97B /* UIView+FormResponder.swift */; };
		7292B25E1D0008BC00FFE97B /* WeakBox.swift in Sources */ = {isa = PBXBuildFile; fileRef = 7292B25D1D0008BC00FFE97B /* WeakBox.swift */; };
		7294406A1CF92321004DFCB4 /* StaticTextElement.swift in Sources */ = {isa = PBXBuildFile; fileRef = 729440691CF92321004DFCB4 /* StaticTextElement.swift */; };
		7294406C1CF92431004DFCB4 /* SegueElementView.swift in Sources */ = {isa = PBXBuildFile; fileRef = 7294406B1CF92431004DFCB4 /* SegueElementView.swift */; };
		7294406E1CF9254A004DFCB4 /* SegueElement.swift in Sources */ = {isa = PBXBuildFile; fileRef = 7294406D1CF9254A004DFCB4 /* SegueElement.swift */; };
/* End PBXBuildFile section */

/* Begin PBXContainerItemProxy section */
		7276FE971CF67DD800C3B4E4 /* PBXContainerItemProxy */ = {
			isa = PBXContainerItemProxy;
			containerPortal = 7276FE821CF67DD800C3B4E4 /* Project object */;
			proxyType = 1;
			remoteGlobalIDString = 7276FE8A1CF67DD800C3B4E4;
			remoteInfo = Forms;
		};
		7276FEBD1CF67DF200C3B4E4 /* PBXContainerItemProxy */ = {
			isa = PBXContainerItemProxy;
			containerPortal = 7276FE821CF67DD800C3B4E4 /* Project object */;
			proxyType = 1;
			remoteGlobalIDString = 7276FE8A1CF67DD800C3B4E4;
			remoteInfo = Forms;
		};
		7276FED31CF6B34E00C3B4E4 /* PBXContainerItemProxy */ = {
			isa = PBXContainerItemProxy;
			containerPortal = 7276FECD1CF6B34E00C3B4E4 /* StackViewController.xcodeproj */;
			proxyType = 2;
			remoteGlobalIDString = 72D193E41CC3576A00645F83;
			remoteInfo = StackViewController;
		};
		7276FED51CF6B34E00C3B4E4 /* PBXContainerItemProxy */ = {
			isa = PBXContainerItemProxy;
			containerPortal = 7276FECD1CF6B34E00C3B4E4 /* StackViewController.xcodeproj */;
			proxyType = 2;
			remoteGlobalIDString = 72D193ED1CC3576A00645F83;
			remoteInfo = StackViewControllerTests;
		};
		7276FED71CF6B34E00C3B4E4 /* PBXContainerItemProxy */ = {
			isa = PBXContainerItemProxy;
			containerPortal = 7276FECD1CF6B34E00C3B4E4 /* StackViewController.xcodeproj */;
			proxyType = 2;
			remoteGlobalIDString = 72D1940B1CC357A100645F83;
			remoteInfo = Example;
		};
		7276FEDD1CF6B3B300C3B4E4 /* PBXContainerItemProxy */ = {
			isa = PBXContainerItemProxy;
			containerPortal = 7276FECD1CF6B34E00C3B4E4 /* StackViewController.xcodeproj */;
			proxyType = 1;
			remoteGlobalIDString = 72D193E31CC3576A00645F83;
			remoteInfo = StackViewController;
		};
/* End PBXContainerItemProxy section */

/* Begin PBXCopyFilesBuildPhase section */
		7276FEBF1CF67DF200C3B4E4 /* Embed Frameworks */ = {
			isa = PBXCopyFilesBuildPhase;
			buildActionMask = 2147483647;
			dstPath = "";
			dstSubfolderSpec = 10;
			files = (
				7276FEBC1CF67DF200C3B4E4 /* Forms.framework in Embed Frameworks */,
			);
			name = "Embed Frameworks";
			runOnlyForDeploymentPostprocessing = 0;
		};
/* End PBXCopyFilesBuildPhase section */

/* Begin PBXFileReference section */
		720357421D0130D6006F2542 /* FormViewController.swift */ = {isa = PBXFileReference; fileEncoding = 4; lastKnownFileType = sourcecode.swift; path = FormViewController.swift; sourceTree = "<group>"; };
		724715231CFE119A00BD2549 /* ViewElement.swift */ = {isa = PBXFileReference; fileEncoding = 4; lastKnownFileType = sourcecode.swift; path = ViewElement.swift; sourceTree = "<group>"; };
		724715271CFE156B00BD2549 /* TextFieldElement.swift */ = {isa = PBXFileReference; fileEncoding = 4; lastKnownFileType = sourcecode.swift; path = TextFieldElement.swift; sourceTree = "<group>"; };
		724715291CFEAC1400BD2549 /* ValidationRule.swift */ = {isa = PBXFileReference; fileEncoding = 4; lastKnownFileType = sourcecode.swift; path = ValidationRule.swift; sourceTree = "<group>"; };
		7247152C1CFEB00400BD2549 /* Validatable.swift */ = {isa = PBXFileReference; fileEncoding = 4; lastKnownFileType = sourcecode.swift; path = Validatable.swift; sourceTree = "<group>"; };
		724715301CFEB4AE00BD2549 /* Box.swift */ = {isa = PBXFileReference; fileEncoding = 4; lastKnownFileType = sourcecode.swift; path = Box.swift; sourceTree = "<group>"; };
		7276FE8B1CF67DD800C3B4E4 /* Forms.framework */ = {isa = PBXFileReference; explicitFileType = wrapper.framework; includeInIndex = 0; path = Forms.framework; sourceTree = BUILT_PRODUCTS_DIR; };
		7276FE8E1CF67DD800C3B4E4 /* Forms.h */ = {isa = PBXFileReference; lastKnownFileType = sourcecode.c.h; path = Forms.h; sourceTree = "<group>"; };
		7276FE901CF67DD800C3B4E4 /* Info.plist */ = {isa = PBXFileReference; lastKnownFileType = text.plist.xml; path = Info.plist; sourceTree = "<group>"; };
		7276FE951CF67DD800C3B4E4 /* FormsTests.xctest */ = {isa = PBXFileReference; explicitFileType = wrapper.cfbundle; includeInIndex = 0; path = FormsTests.xctest; sourceTree = BUILT_PRODUCTS_DIR; };
		7276FE9C1CF67DD800C3B4E4 /* Info.plist */ = {isa = PBXFileReference; lastKnownFileType = text.plist.xml; path = Info.plist; sourceTree = "<group>"; };
		7276FEA91CF67DEB00C3B4E4 /* Example.app */ = {isa = PBXFileReference; explicitFileType = wrapper.application; includeInIndex = 0; path = Example.app; sourceTree = BUILT_PRODUCTS_DIR; };
		7276FEAB1CF67DEB00C3B4E4 /* AppDelegate.swift */ = {isa = PBXFileReference; lastKnownFileType = sourcecode.swift; path = AppDelegate.swift; sourceTree = "<group>"; };
		7276FEAD1CF67DEB00C3B4E4 /* ViewController.swift */ = {isa = PBXFileReference; lastKnownFileType = sourcecode.swift; path = ViewController.swift; sourceTree = "<group>"; };
		7276FEB21CF67DEB00C3B4E4 /* Assets.xcassets */ = {isa = PBXFileReference; lastKnownFileType = folder.assetcatalog; path = Assets.xcassets; sourceTree = "<group>"; };
		7276FEB51CF67DEB00C3B4E4 /* Base */ = {isa = PBXFileReference; lastKnownFileType = file.storyboard; name = Base; path = Base.lproj/LaunchScreen.storyboard; sourceTree = "<group>"; };
		7276FEB71CF67DEB00C3B4E4 /* Info.plist */ = {isa = PBXFileReference; lastKnownFileType = text.plist.xml; path = Info.plist; sourceTree = "<group>"; };
		7276FEC01CF68C2C00C3B4E4 /* FormValue.swift */ = {isa = PBXFileReference; fileEncoding = 4; lastKnownFileType = sourcecode.swift; path = FormValue.swift; sourceTree = "<group>"; };
		7276FEC41CF6963500C3B4E4 /* FormValueTests.swift */ = {isa = PBXFileReference; fileEncoding = 4; lastKnownFileType = sourcecode.swift; path = FormValueTests.swift; sourceTree = "<group>"; };
		7276FEC61CF6A9D700C3B4E4 /* FormElement.swift */ = {isa = PBXFileReference; fileEncoding = 4; lastKnownFileType = sourcecode.swift; path = FormElement.swift; sourceTree = "<group>"; };
		7276FECA1CF6B2B500C3B4E4 /* BooleanElementView.swift */ = {isa = PBXFileReference; fileEncoding = 4; lastKnownFileType = sourcecode.swift; path = BooleanElementView.swift; sourceTree = "<group>"; };
		7276FECD1CF6B34E00C3B4E4 /* StackViewController.xcodeproj */ = {isa = PBXFileReference; lastKnownFileType = "wrapper.pb-project"; name = StackViewController.xcodeproj; path = External/StackViewController/StackViewController.xcodeproj; sourceTree = "<group>"; };
		7276FEDF1CF6B42900C3B4E4 /* BooleanElement.swift */ = {isa = PBXFileReference; fileEncoding = 4; lastKnownFileType = sourcecode.swift; path = BooleanElement.swift; sourceTree = "<group>"; };
		7276FEE11CF6B86E00C3B4E4 /* SegmentElementView.swift */ = {isa = PBXFileReference; fileEncoding = 4; lastKnownFileType = sourcecode.swift; path = SegmentElementView.swift; sourceTree = "<group>"; };
		7276FEE31CF6B87400C3B4E4 /* Segment.swift */ = {isa = PBXFileReference; fileEncoding = 4; lastKnownFileType = sourcecode.swift; path = Segment.swift; sourceTree = "<group>"; };
		7276FEE51CF6B92B00C3B4E4 /* SegmentElement.swift */ = {isa = PBXFileReference; fileEncoding = 4; lastKnownFileType = sourcecode.swift; path = SegmentElement.swift; sourceTree = "<group>"; };
		7292B2541CFFEFBE00FFE97B /* GroupElement.swift */ = {isa = PBXFileReference; fileEncoding = 4; lastKnownFileType = sourcecode.swift; path = GroupElement.swift; sourceTree = "<group>"; };
		7292B2581D00078700FFE97B /* UIView+FormResponder.swift */ = {isa = PBXFileReference; fileEncoding = 4; lastKnownFileType = sourcecode.swift; path = "UIView+FormResponder.swift"; sourceTree = "<group>"; };
		7292B25D1D0008BC00FFE97B /* WeakBox.swift */ = {isa = PBXFileReference; fileEncoding = 4; lastKnownFileType = sourcecode.swift; path = WeakBox.swift; sourceTree = "<group>"; };
		729440691CF92321004DFCB4 /* StaticTextElement.swift */ = {isa = PBXFileReference; fileEncoding = 4; lastKnownFileType = sourcecode.swift; path = StaticTextElement.swift; sourceTree = "<group>"; };
		7294406B1CF92431004DFCB4 /* SegueElementView.swift */ = {isa = PBXFileReference; fileEncoding = 4; lastKnownFileType = sourcecode.swift; path = SegueElementView.swift; sourceTree = "<group>"; };
		7294406D1CF9254A004DFCB4 /* SegueElement.swift */ = {isa = PBXFileReference; fileEncoding = 4; lastKnownFileType = sourcecode.swift; path = SegueElement.swift; sourceTree = "<group>"; };
/* End PBXFileReference section */

/* Begin PBXFrameworksBuildPhase section */
		7276FE871CF67DD800C3B4E4 /* Frameworks */ = {
			isa = PBXFrameworksBuildPhase;
			buildActionMask = 2147483647;
			files = (
				7276FEDC1CF6B3AF00C3B4E4 /* StackViewController.framework in Frameworks */,
			);
			runOnlyForDeploymentPostprocessing = 0;
		};
		7276FE921CF67DD800C3B4E4 /* Frameworks */ = {
			isa = PBXFrameworksBuildPhase;
			buildActionMask = 2147483647;
			files = (
				7276FE961CF67DD800C3B4E4 /* Forms.framework in Frameworks */,
			);
			runOnlyForDeploymentPostprocessing = 0;
		};
		7276FEA61CF67DEB00C3B4E4 /* Frameworks */ = {
			isa = PBXFrameworksBuildPhase;
			buildActionMask = 2147483647;
			files = (
				7276FEBB1CF67DF200C3B4E4 /* Forms.framework in Frameworks */,
			);
			runOnlyForDeploymentPostprocessing = 0;
		};
/* End PBXFrameworksBuildPhase section */

/* Begin PBXGroup section */
		7276FE811CF67DD800C3B4E4 = {
			isa = PBXGroup;
			children = (
				7276FECC1CF6B34100C3B4E4 /* External */,
				7276FE8D1CF67DD800C3B4E4 /* Forms */,
				7276FE991CF67DD800C3B4E4 /* FormsTests */,
				7276FEAA1CF67DEB00C3B4E4 /* Example */,
				7276FE8C1CF67DD800C3B4E4 /* Products */,
			);
			sourceTree = "<group>";
		};
		7276FE8C1CF67DD800C3B4E4 /* Products */ = {
			isa = PBXGroup;
			children = (
				7276FE8B1CF67DD800C3B4E4 /* Forms.framework */,
				7276FE951CF67DD800C3B4E4 /* FormsTests.xctest */,
				7276FEA91CF67DEB00C3B4E4 /* Example.app */,
			);
			name = Products;
			sourceTree = "<group>";
		};
		7276FE8D1CF67DD800C3B4E4 /* Forms */ = {
			isa = PBXGroup;
			children = (
				7276FE8E1CF67DD800C3B4E4 /* Forms.h */,
				7276FE901CF67DD800C3B4E4 /* Info.plist */,
				7276FEC01CF68C2C00C3B4E4 /* FormValue.swift */,
				7276FEC61CF6A9D700C3B4E4 /* FormElement.swift */,
				7276FECA1CF6B2B500C3B4E4 /* BooleanElementView.swift */,
				7276FEDF1CF6B42900C3B4E4 /* BooleanElement.swift */,
				7276FEE11CF6B86E00C3B4E4 /* SegmentElementView.swift */,
				7276FEE31CF6B87400C3B4E4 /* Segment.swift */,
				7276FEE51CF6B92B00C3B4E4 /* SegmentElement.swift */,
				729440691CF92321004DFCB4 /* StaticTextElement.swift */,
				7294406B1CF92431004DFCB4 /* SegueElementView.swift */,
				7294406D1CF9254A004DFCB4 /* SegueElement.swift */,
				724715231CFE119A00BD2549 /* ViewElement.swift */,
				724715271CFE156B00BD2549 /* TextFieldElement.swift */,
				724715291CFEAC1400BD2549 /* ValidationRule.swift */,
				7247152C1CFEB00400BD2549 /* Validatable.swift */,
				724715301CFEB4AE00BD2549 /* Box.swift */,
				7292B25D1D0008BC00FFE97B /* WeakBox.swift */,
				7292B2541CFFEFBE00FFE97B /* GroupElement.swift */,
				7292B2581D00078700FFE97B /* UIView+FormResponder.swift */,
				720357421D0130D6006F2542 /* FormViewController.swift */,
			);
			path = Forms;
			sourceTree = "<group>";
		};
		7276FE991CF67DD800C3B4E4 /* FormsTests */ = {
			isa = PBXGroup;
			children = (
				7276FE9C1CF67DD800C3B4E4 /* Info.plist */,
				7276FEC41CF6963500C3B4E4 /* FormValueTests.swift */,
			);
			path = FormsTests;
			sourceTree = "<group>";
		};
		7276FEAA1CF67DEB00C3B4E4 /* Example */ = {
			isa = PBXGroup;
			children = (
				7276FEAB1CF67DEB00C3B4E4 /* AppDelegate.swift */,
				7276FEAD1CF67DEB00C3B4E4 /* ViewController.swift */,
				7276FEB21CF67DEB00C3B4E4 /* Assets.xcassets */,
				7276FEB41CF67DEB00C3B4E4 /* LaunchScreen.storyboard */,
				7276FEB71CF67DEB00C3B4E4 /* Info.plist */,
			);
			path = Example;
			sourceTree = "<group>";
		};
		7276FECC1CF6B34100C3B4E4 /* External */ = {
			isa = PBXGroup;
			children = (
				7276FECD1CF6B34E00C3B4E4 /* StackViewController.xcodeproj */,
			);
			name = External;
			sourceTree = "<group>";
		};
		7276FECE1CF6B34E00C3B4E4 /* Products */ = {
			isa = PBXGroup;
			children = (
				7276FED41CF6B34E00C3B4E4 /* StackViewController.framework */,
				7276FED61CF6B34E00C3B4E4 /* StackViewControllerTests.xctest */,
				7276FED81CF6B34E00C3B4E4 /* Example.app */,
			);
			name = Products;
			sourceTree = "<group>";
		};
/* End PBXGroup section */

/* Begin PBXHeadersBuildPhase section */
		7276FE881CF67DD800C3B4E4 /* Headers */ = {
			isa = PBXHeadersBuildPhase;
			buildActionMask = 2147483647;
			files = (
				7276FE8F1CF67DD800C3B4E4 /* Forms.h in Headers */,
			);
			runOnlyForDeploymentPostprocessing = 0;
		};
/* End PBXHeadersBuildPhase section */

/* Begin PBXNativeTarget section */
		7276FE8A1CF67DD800C3B4E4 /* Forms */ = {
			isa = PBXNativeTarget;
			buildConfigurationList = 7276FE9F1CF67DD800C3B4E4 /* Build configuration list for PBXNativeTarget "Forms" */;
			buildPhases = (
				7276FE861CF67DD800C3B4E4 /* Sources */,
				7276FE871CF67DD800C3B4E4 /* Frameworks */,
				7276FE881CF67DD800C3B4E4 /* Headers */,
				7276FE891CF67DD800C3B4E4 /* Resources */,
			);
			buildRules = (
			);
			dependencies = (
				7276FEDE1CF6B3B300C3B4E4 /* PBXTargetDependency */,
			);
			name = Forms;
			productName = Forms;
			productReference = 7276FE8B1CF67DD800C3B4E4 /* Forms.framework */;
			productType = "com.apple.product-type.framework";
		};
		7276FE941CF67DD800C3B4E4 /* FormsTests */ = {
			isa = PBXNativeTarget;
			buildConfigurationList = 7276FEA21CF67DD800C3B4E4 /* Build configuration list for PBXNativeTarget "FormsTests" */;
			buildPhases = (
				7276FE911CF67DD800C3B4E4 /* Sources */,
				7276FE921CF67DD800C3B4E4 /* Frameworks */,
				7276FE931CF67DD800C3B4E4 /* Resources */,
			);
			buildRules = (
			);
			dependencies = (
				7276FE981CF67DD800C3B4E4 /* PBXTargetDependency */,
			);
			name = FormsTests;
			productName = FormsTests;
			productReference = 7276FE951CF67DD800C3B4E4 /* FormsTests.xctest */;
			productType = "com.apple.product-type.bundle.unit-test";
		};
		7276FEA81CF67DEB00C3B4E4 /* Example */ = {
			isa = PBXNativeTarget;
			buildConfigurationList = 7276FEB81CF67DEB00C3B4E4 /* Build configuration list for PBXNativeTarget "Example" */;
			buildPhases = (
				7276FEA51CF67DEB00C3B4E4 /* Sources */,
				7276FEA61CF67DEB00C3B4E4 /* Frameworks */,
				7276FEA71CF67DEB00C3B4E4 /* Resources */,
				7276FEBF1CF67DF200C3B4E4 /* Embed Frameworks */,
			);
			buildRules = (
			);
			dependencies = (
				7276FEBE1CF67DF200C3B4E4 /* PBXTargetDependency */,
			);
			name = Example;
			productName = Example;
			productReference = 7276FEA91CF67DEB00C3B4E4 /* Example.app */;
			productType = "com.apple.product-type.application";
		};
/* End PBXNativeTarget section */

/* Begin PBXProject section */
		7276FE821CF67DD800C3B4E4 /* Project object */ = {
			isa = PBXProject;
			attributes = {
				LastSwiftUpdateCheck = 0730;
				LastUpgradeCheck = 0730;
				ORGANIZATIONNAME = Seed Platform, Inc;
				TargetAttributes = {
					7276FE8A1CF67DD800C3B4E4 = {
						CreatedOnToolsVersion = 7.3.1;
					};
					7276FE941CF67DD800C3B4E4 = {
						CreatedOnToolsVersion = 7.3.1;
					};
					7276FEA81CF67DEB00C3B4E4 = {
						CreatedOnToolsVersion = 7.3.1;
					};
				};
			};
			buildConfigurationList = 7276FE851CF67DD800C3B4E4 /* Build configuration list for PBXProject "Forms" */;
			compatibilityVersion = "Xcode 3.2";
			developmentRegion = English;
			hasScannedForEncodings = 0;
			knownRegions = (
				en,
				Base,
			);
			mainGroup = 7276FE811CF67DD800C3B4E4;
			productRefGroup = 7276FE8C1CF67DD800C3B4E4 /* Products */;
			projectDirPath = "";
			projectReferences = (
				{
					ProductGroup = 7276FECE1CF6B34E00C3B4E4 /* Products */;
					ProjectRef = 7276FECD1CF6B34E00C3B4E4 /* StackViewController.xcodeproj */;
				},
			);
			projectRoot = "";
			targets = (
				7276FE8A1CF67DD800C3B4E4 /* Forms */,
				7276FE941CF67DD800C3B4E4 /* FormsTests */,
				7276FEA81CF67DEB00C3B4E4 /* Example */,
			);
		};
/* End PBXProject section */

/* Begin PBXReferenceProxy section */
		7276FED41CF6B34E00C3B4E4 /* StackViewController.framework */ = {
			isa = PBXReferenceProxy;
			fileType = wrapper.framework;
			path = StackViewController.framework;
			remoteRef = 7276FED31CF6B34E00C3B4E4 /* PBXContainerItemProxy */;
			sourceTree = BUILT_PRODUCTS_DIR;
		};
		7276FED61CF6B34E00C3B4E4 /* StackViewControllerTests.xctest */ = {
			isa = PBXReferenceProxy;
			fileType = wrapper.cfbundle;
			path = StackViewControllerTests.xctest;
			remoteRef = 7276FED51CF6B34E00C3B4E4 /* PBXContainerItemProxy */;
			sourceTree = BUILT_PRODUCTS_DIR;
		};
		7276FED81CF6B34E00C3B4E4 /* Example.app */ = {
			isa = PBXReferenceProxy;
			fileType = wrapper.application;
			path = Example.app;
			remoteRef = 7276FED71CF6B34E00C3B4E4 /* PBXContainerItemProxy */;
			sourceTree = BUILT_PRODUCTS_DIR;
		};
/* End PBXReferenceProxy section */

/* Begin PBXResourcesBuildPhase section */
		7276FE891CF67DD800C3B4E4 /* Resources */ = {
			isa = PBXResourcesBuildPhase;
			buildActionMask = 2147483647;
			files = (
			);
			runOnlyForDeploymentPostprocessing = 0;
		};
		7276FE931CF67DD800C3B4E4 /* Resources */ = {
			isa = PBXResourcesBuildPhase;
			buildActionMask = 2147483647;
			files = (
			);
			runOnlyForDeploymentPostprocessing = 0;
		};
		7276FEA71CF67DEB00C3B4E4 /* Resources */ = {
			isa = PBXResourcesBuildPhase;
			buildActionMask = 2147483647;
			files = (
				7276FEB61CF67DEB00C3B4E4 /* LaunchScreen.storyboard in Resources */,
				7276FEB31CF67DEB00C3B4E4 /* Assets.xcassets in Resources */,
			);
			runOnlyForDeploymentPostprocessing = 0;
		};
/* End PBXResourcesBuildPhase section */

/* Begin PBXSourcesBuildPhase section */
		7276FE861CF67DD800C3B4E4 /* Sources */ = {
			isa = PBXSourcesBuildPhase;
			buildActionMask = 2147483647;
			files = (
				724715281CFE156B00BD2549 /* TextFieldElement.swift in Sources */,
				7276FEE21CF6B86E00C3B4E4 /* SegmentElementView.swift in Sources */,
				7247152A1CFEAC1400BD2549 /* ValidationRule.swift in Sources */,
				720357431D0130D6006F2542 /* FormViewController.swift in Sources */,
				7276FEE61CF6B92B00C3B4E4 /* SegmentElement.swift in Sources */,
				7292B2551CFFEFBE00FFE97B /* GroupElement.swift in Sources */,
				7276FEE41CF6B87400C3B4E4 /* Segment.swift in Sources */,
				7292B2591D00078700FFE97B /* UIView+FormResponder.swift in Sources */,
				7276FEC71CF6A9D700C3B4E4 /* FormElement.swift in Sources */,
				7294406E1CF9254A004DFCB4 /* SegueElement.swift in Sources */,
				7294406A1CF92321004DFCB4 /* StaticTextElement.swift in Sources */,
				7276FEE01CF6B42900C3B4E4 /* BooleanElement.swift in Sources */,
				724715311CFEB4AE00BD2549 /* Box.swift in Sources */,
				724715241CFE119A00BD2549 /* ViewElement.swift in Sources */,
				7276FECB1CF6B2B500C3B4E4 /* BooleanElementView.swift in Sources */,
				7294406C1CF92431004DFCB4 /* SegueElementView.swift in Sources */,
				7276FEC11CF68C2C00C3B4E4 /* FormValue.swift in Sources */,
				7247152D1CFEB00400BD2549 /* Validatable.swift in Sources */,
				7292B25E1D0008BC00FFE97B /* WeakBox.swift in Sources */,
			);
			runOnlyForDeploymentPostprocessing = 0;
		};
		7276FE911CF67DD800C3B4E4 /* Sources */ = {
			isa = PBXSourcesBuildPhase;
			buildActionMask = 2147483647;
			files = (
				7276FEC51CF6963500C3B4E4 /* FormValueTests.swift in Sources */,
			);
			runOnlyForDeploymentPostprocessing = 0;
		};
		7276FEA51CF67DEB00C3B4E4 /* Sources */ = {
			isa = PBXSourcesBuildPhase;
			buildActionMask = 2147483647;
			files = (
				7276FEAE1CF67DEB00C3B4E4 /* ViewController.swift in Sources */,
				7276FEAC1CF67DEB00C3B4E4 /* AppDelegate.swift in Sources */,
			);
			runOnlyForDeploymentPostprocessing = 0;
		};
/* End PBXSourcesBuildPhase section */

/* Begin PBXTargetDependency section */
		7276FE981CF67DD800C3B4E4 /* PBXTargetDependency */ = {
			isa = PBXTargetDependency;
			target = 7276FE8A1CF67DD800C3B4E4 /* Forms */;
			targetProxy = 7276FE971CF67DD800C3B4E4 /* PBXContainerItemProxy */;
		};
		7276FEBE1CF67DF200C3B4E4 /* PBXTargetDependency */ = {
			isa = PBXTargetDependency;
			target = 7276FE8A1CF67DD800C3B4E4 /* Forms */;
			targetProxy = 7276FEBD1CF67DF200C3B4E4 /* PBXContainerItemProxy */;
		};
		7276FEDE1CF6B3B300C3B4E4 /* PBXTargetDependency */ = {
			isa = PBXTargetDependency;
			name = StackViewController;
			targetProxy = 7276FEDD1CF6B3B300C3B4E4 /* PBXContainerItemProxy */;
		};
/* End PBXTargetDependency section */

/* Begin PBXVariantGroup section */
		7276FEB41CF67DEB00C3B4E4 /* LaunchScreen.storyboard */ = {
			isa = PBXVariantGroup;
			children = (
				7276FEB51CF67DEB00C3B4E4 /* Base */,
			);
			name = LaunchScreen.storyboard;
			sourceTree = "<group>";
		};
/* End PBXVariantGroup section */

/* Begin XCBuildConfiguration section */
		7276FE9D1CF67DD800C3B4E4 /* Debug */ = {
			isa = XCBuildConfiguration;
			buildSettings = {
				ALWAYS_SEARCH_USER_PATHS = NO;
				CLANG_ANALYZER_NONNULL = YES;
				CLANG_CXX_LANGUAGE_STANDARD = "gnu++0x";
				CLANG_CXX_LIBRARY = "libc++";
				CLANG_ENABLE_MODULES = YES;
				CLANG_ENABLE_OBJC_ARC = YES;
				CLANG_WARN_BOOL_CONVERSION = YES;
				CLANG_WARN_CONSTANT_CONVERSION = YES;
				CLANG_WARN_DIRECT_OBJC_ISA_USAGE = YES_ERROR;
				CLANG_WARN_EMPTY_BODY = YES;
				CLANG_WARN_ENUM_CONVERSION = YES;
				CLANG_WARN_INT_CONVERSION = YES;
				CLANG_WARN_OBJC_ROOT_CLASS = YES_ERROR;
				CLANG_WARN_UNREACHABLE_CODE = YES;
				CLANG_WARN__DUPLICATE_METHOD_MATCH = YES;
				"CODE_SIGN_IDENTITY[sdk=iphoneos*]" = "iPhone Developer";
				COPY_PHASE_STRIP = NO;
				CURRENT_PROJECT_VERSION = 1;
				DEBUG_INFORMATION_FORMAT = dwarf;
				ENABLE_STRICT_OBJC_MSGSEND = YES;
				ENABLE_TESTABILITY = YES;
				GCC_C_LANGUAGE_STANDARD = gnu99;
				GCC_DYNAMIC_NO_PIC = NO;
				GCC_NO_COMMON_BLOCKS = YES;
				GCC_OPTIMIZATION_LEVEL = 0;
				GCC_PREPROCESSOR_DEFINITIONS = (
					"DEBUG=1",
					"$(inherited)",
				);
				GCC_WARN_64_TO_32_BIT_CONVERSION = YES;
				GCC_WARN_ABOUT_RETURN_TYPE = YES_ERROR;
				GCC_WARN_UNDECLARED_SELECTOR = YES;
				GCC_WARN_UNINITIALIZED_AUTOS = YES_AGGRESSIVE;
				GCC_WARN_UNUSED_FUNCTION = YES;
				GCC_WARN_UNUSED_VARIABLE = YES;
				IPHONEOS_DEPLOYMENT_TARGET = 9.3;
				MTL_ENABLE_DEBUG_INFO = YES;
				ONLY_ACTIVE_ARCH = YES;
				SDKROOT = iphoneos;
				SWIFT_OPTIMIZATION_LEVEL = "-Onone";
				TARGETED_DEVICE_FAMILY = "1,2";
				VERSIONING_SYSTEM = "apple-generic";
				VERSION_INFO_PREFIX = "";
			};
			name = Debug;
		};
		7276FE9E1CF67DD800C3B4E4 /* Release */ = {
			isa = XCBuildConfiguration;
			buildSettings = {
				ALWAYS_SEARCH_USER_PATHS = NO;
				CLANG_ANALYZER_NONNULL = YES;
				CLANG_CXX_LANGUAGE_STANDARD = "gnu++0x";
				CLANG_CXX_LIBRARY = "libc++";
				CLANG_ENABLE_MODULES = YES;
				CLANG_ENABLE_OBJC_ARC = YES;
				CLANG_WARN_BOOL_CONVERSION = YES;
				CLANG_WARN_CONSTANT_CONVERSION = YES;
				CLANG_WARN_DIRECT_OBJC_ISA_USAGE = YES_ERROR;
				CLANG_WARN_EMPTY_BODY = YES;
				CLANG_WARN_ENUM_CONVERSION = YES;
				CLANG_WARN_INT_CONVERSION = YES;
				CLANG_WARN_OBJC_ROOT_CLASS = YES_ERROR;
				CLANG_WARN_UNREACHABLE_CODE = YES;
				CLANG_WARN__DUPLICATE_METHOD_MATCH = YES;
				"CODE_SIGN_IDENTITY[sdk=iphoneos*]" = "iPhone Developer";
				COPY_PHASE_STRIP = NO;
				CURRENT_PROJECT_VERSION = 1;
				DEBUG_INFORMATION_FORMAT = "dwarf-with-dsym";
				ENABLE_NS_ASSERTIONS = NO;
				ENABLE_STRICT_OBJC_MSGSEND = YES;
				GCC_C_LANGUAGE_STANDARD = gnu99;
				GCC_NO_COMMON_BLOCKS = YES;
				GCC_WARN_64_TO_32_BIT_CONVERSION = YES;
				GCC_WARN_ABOUT_RETURN_TYPE = YES_ERROR;
				GCC_WARN_UNDECLARED_SELECTOR = YES;
				GCC_WARN_UNINITIALIZED_AUTOS = YES_AGGRESSIVE;
				GCC_WARN_UNUSED_FUNCTION = YES;
				GCC_WARN_UNUSED_VARIABLE = YES;
				IPHONEOS_DEPLOYMENT_TARGET = 9.3;
				MTL_ENABLE_DEBUG_INFO = NO;
				SDKROOT = iphoneos;
				TARGETED_DEVICE_FAMILY = "1,2";
				VALIDATE_PRODUCT = YES;
				VERSIONING_SYSTEM = "apple-generic";
				VERSION_INFO_PREFIX = "";
			};
			name = Release;
		};
		7276FEA01CF67DD800C3B4E4 /* Debug */ = {
			isa = XCBuildConfiguration;
			buildSettings = {
				CLANG_ENABLE_MODULES = YES;
				DEFINES_MODULE = YES;
				DYLIB_COMPATIBILITY_VERSION = 1;
				DYLIB_CURRENT_VERSION = 1;
				DYLIB_INSTALL_NAME_BASE = "@rpath";
				INFOPLIST_FILE = Forms/Info.plist;
				INSTALL_PATH = "$(LOCAL_LIBRARY_DIR)/Frameworks";
				LD_RUNPATH_SEARCH_PATHS = "$(inherited) @executable_path/Frameworks @loader_path/Frameworks";
				PRODUCT_BUNDLE_IDENTIFIER = co.seed.Forms;
				PRODUCT_NAME = "$(TARGET_NAME)";
				SKIP_INSTALL = YES;
				SWIFT_OPTIMIZATION_LEVEL = "-Onone";
			};
			name = Debug;
		};
		7276FEA11CF67DD800C3B4E4 /* Release */ = {
			isa = XCBuildConfiguration;
			buildSettings = {
				CLANG_ENABLE_MODULES = YES;
				DEFINES_MODULE = YES;
				DYLIB_COMPATIBILITY_VERSION = 1;
				DYLIB_CURRENT_VERSION = 1;
				DYLIB_INSTALL_NAME_BASE = "@rpath";
				INFOPLIST_FILE = Forms/Info.plist;
				INSTALL_PATH = "$(LOCAL_LIBRARY_DIR)/Frameworks";
				LD_RUNPATH_SEARCH_PATHS = "$(inherited) @executable_path/Frameworks @loader_path/Frameworks";
				PRODUCT_BUNDLE_IDENTIFIER = co.seed.Forms;
				PRODUCT_NAME = "$(TARGET_NAME)";
				SKIP_INSTALL = YES;
			};
			name = Release;
		};
		7276FEA31CF67DD800C3B4E4 /* Debug */ = {
			isa = XCBuildConfiguration;
			buildSettings = {
				INFOPLIST_FILE = FormsTests/Info.plist;
				LD_RUNPATH_SEARCH_PATHS = "$(inherited) @executable_path/Frameworks @loader_path/Frameworks";
				PRODUCT_BUNDLE_IDENTIFIER = co.seed.FormsTests;
				PRODUCT_NAME = "$(TARGET_NAME)";
			};
			name = Debug;
		};
		7276FEA41CF67DD800C3B4E4 /* Release */ = {
			isa = XCBuildConfiguration;
			buildSettings = {
				INFOPLIST_FILE = FormsTests/Info.plist;
				LD_RUNPATH_SEARCH_PATHS = "$(inherited) @executable_path/Frameworks @loader_path/Frameworks";
				PRODUCT_BUNDLE_IDENTIFIER = co.seed.FormsTests;
				PRODUCT_NAME = "$(TARGET_NAME)";
			};
			name = Release;
		};
		7276FEB91CF67DEB00C3B4E4 /* Debug */ = {
			isa = XCBuildConfiguration;
			buildSettings = {
				ASSETCATALOG_COMPILER_APPICON_NAME = AppIcon;
				EMBEDDED_CONTENT_CONTAINS_SWIFT = YES;
				INFOPLIST_FILE = Example/Info.plist;
				LD_RUNPATH_SEARCH_PATHS = "$(inherited) @executable_path/Frameworks";
				PRODUCT_BUNDLE_IDENTIFIER = co.seed.Example;
				PRODUCT_NAME = "$(TARGET_NAME)";
			};
			name = Debug;
		};
		7276FEBA1CF67DEB00C3B4E4 /* Release */ = {
			isa = XCBuildConfiguration;
			buildSettings = {
				ASSETCATALOG_COMPILER_APPICON_NAME = AppIcon;
				EMBEDDED_CONTENT_CONTAINS_SWIFT = YES;
				INFOPLIST_FILE = Example/Info.plist;
				LD_RUNPATH_SEARCH_PATHS = "$(inherited) @executable_path/Frameworks";
				PRODUCT_BUNDLE_IDENTIFIER = co.seed.Example;
				PRODUCT_NAME = "$(TARGET_NAME)";
			};
			name = Release;
		};
/* End XCBuildConfiguration section */

/* Begin XCConfigurationList section */
		7276FE851CF67DD800C3B4E4 /* Build configuration list for PBXProject "Forms" */ = {
			isa = XCConfigurationList;
			buildConfigurations = (
				7276FE9D1CF67DD800C3B4E4 /* Debug */,
				7276FE9E1CF67DD800C3B4E4 /* Release */,
			);
			defaultConfigurationIsVisible = 0;
			defaultConfigurationName = Release;
		};
		7276FE9F1CF67DD800C3B4E4 /* Build configuration list for PBXNativeTarget "Forms" */ = {
			isa = XCConfigurationList;
			buildConfigurations = (
				7276FEA01CF67DD800C3B4E4 /* Debug */,
				7276FEA11CF67DD800C3B4E4 /* Release */,
			);
			defaultConfigurationIsVisible = 0;
			defaultConfigurationName = Release;
		};
		7276FEA21CF67DD800C3B4E4 /* Build configuration list for PBXNativeTarget "FormsTests" */ = {
			isa = XCConfigurationList;
			buildConfigurations = (
				7276FEA31CF67DD800C3B4E4 /* Debug */,
				7276FEA41CF67DD800C3B4E4 /* Release */,
			);
			defaultConfigurationIsVisible = 0;
			defaultConfigurationName = Release;
		};
		7276FEB81CF67DEB00C3B4E4 /* Build configuration list for PBXNativeTarget "Example" */ = {
			isa = XCConfigurationList;
			buildConfigurations = (
				7276FEB91CF67DEB00C3B4E4 /* Debug */,
				7276FEBA1CF67DEB00C3B4E4 /* Release */,
			);
			defaultConfigurationIsVisible = 0;
			defaultConfigurationName = Release;
		};
/* End XCConfigurationList section */
	};
	rootObject = 7276FE821CF67DD800C3B4E4 /* Project object */;
}
